// !$*UTF8*$!
{
	archiveVersion = 1;
	classes = {
	};
	objectVersion = 46;
	objects = {

/* Begin PBXBuildFile section */
		9E0C95B01DA5538A00DD9254 /* ResearchKit.framework in Frameworks */ = {isa = PBXBuildFile; fileRef = 9E0C95A31DA5536300DD9254 /* ResearchKit.framework */; };
		9E0C95B11DA5538A00DD9254 /* ResearchKit.framework in Embed Frameworks */ = {isa = PBXBuildFile; fileRef = 9E0C95A31DA5536300DD9254 /* ResearchKit.framework */; settings = {ATTRIBUTES = (CodeSignOnCopy, RemoveHeadersOnCopy, ); }; };
		9E0C95B41DA5539200DD9254 /* CareKit.framework in Frameworks */ = {isa = PBXBuildFile; fileRef = 9E0C95AD1DA5536C00DD9254 /* CareKit.framework */; };
		9E0C95B51DA5539200DD9254 /* CareKit.framework in Embed Frameworks */ = {isa = PBXBuildFile; fileRef = 9E0C95AD1DA5536C00DD9254 /* CareKit.framework */; settings = {ATTRIBUTES = (CodeSignOnCopy, RemoveHeadersOnCopy, ); }; };
		9E14B7321DCCE18B00C7973A /* SettingsViewController.swift in Sources */ = {isa = PBXBuildFile; fileRef = 9E14B7311DCCE18B00C7973A /* SettingsViewController.swift */; };
		9E17D3A21DB93D340072CDC1 /* PreSurgeryWelcomeViewController.swift in Sources */ = {isa = PBXBuildFile; fileRef = 9E17D3A11DB93D340072CDC1 /* PreSurgeryWelcomeViewController.swift */; };
		9E17D3A41DB93DE60072CDC1 /* MainViewController.swift in Sources */ = {isa = PBXBuildFile; fileRef = 9E17D3A31DB93DE60072CDC1 /* MainViewController.swift */; };
		9E17D3AB1DBEB10D0072CDC1 /* PreSurgeryWelcomeInterface.xib in Resources */ = {isa = PBXBuildFile; fileRef = 9E17D3AA1DBEB10D0072CDC1 /* PreSurgeryWelcomeInterface.xib */; };
		9E1E44BD1DD0EE1100FF78A6 /* PostSurgeryWelcomeFlowViewController.swift in Sources */ = {isa = PBXBuildFile; fileRef = 9E1E44BC1DD0EE1100FF78A6 /* PostSurgeryWelcomeFlowViewController.swift */; };
		9E1E44C51DD0F47500FF78A6 /* PostSurgeryCongratsInterface.xib in Resources */ = {isa = PBXBuildFile; fileRef = 9E1E44C41DD0F47500FF78A6 /* PostSurgeryCongratsInterface.xib */; };
		9E1E44C71DD0F58C00FF78A6 /* PostSurgeryCongratsView.swift in Sources */ = {isa = PBXBuildFile; fileRef = 9E1E44C61DD0F58C00FF78A6 /* PostSurgeryCongratsView.swift */; };
		9E1E44C91DD1443C00FF78A6 /* PostSurgeryGoalView.swift in Sources */ = {isa = PBXBuildFile; fileRef = 9E1E44C81DD1443C00FF78A6 /* PostSurgeryGoalView.swift */; };
		9E1E44CB1DD14C7300FF78A6 /* PostSurgeryTransitionView.swift in Sources */ = {isa = PBXBuildFile; fileRef = 9E1E44CA1DD14C7300FF78A6 /* PostSurgeryTransitionView.swift */; };
		9E2E05611DC3F8AE00E28651 /* PreSurgeryRoutineViewController.swift in Sources */ = {isa = PBXBuildFile; fileRef = 9E2E055F1DC3F8AE00E28651 /* PreSurgeryRoutineViewController.swift */; };
		9E2E05621DC3F8AE00E28651 /* PreSurgeryWelcomeFlowViewController.swift in Sources */ = {isa = PBXBuildFile; fileRef = 9E2E05601DC3F8AE00E28651 /* PreSurgeryWelcomeFlowViewController.swift */; };
		9E429DBA1DC288860066FF20 /* DateOfSurgeryView.swift in Sources */ = {isa = PBXBuildFile; fileRef = 9E429DB91DC288860066FF20 /* DateOfSurgeryView.swift */; };
		9E429DC01DC288CE0066FF20 /* DateOfSurgeryInterface.xib in Resources */ = {isa = PBXBuildFile; fileRef = 9E429DBF1DC288CE0066FF20 /* DateOfSurgeryInterface.xib */; };
		9E429DC21DC289C80066FF20 /* DateOfSurgeryViewController.swift in Sources */ = {isa = PBXBuildFile; fileRef = 9E429DC11DC289C80066FF20 /* DateOfSurgeryViewController.swift */; };
		9E429DC51DC29E370066FF20 /* UIView+UIColor.swift in Sources */ = {isa = PBXBuildFile; fileRef = 9E429DC41DC29E370066FF20 /* UIView+UIColor.swift */; };
		9E429DF81DC2CA620066FF20 /* CarePlanStoreManager.swift in Sources */ = {isa = PBXBuildFile; fileRef = 9E429DF71DC2CA620066FF20 /* CarePlanStoreManager.swift */; };
		9E7CC24B1DC7ACC900906BEA /* PreSurgeryChecklistViewController.swift in Sources */ = {isa = PBXBuildFile; fileRef = 9E7CC24A1DC7ACC900906BEA /* PreSurgeryChecklistViewController.swift */; };
		9E7CC24D1DC7BE5C00906BEA /* ChecklistItemTableViewCell.swift in Sources */ = {isa = PBXBuildFile; fileRef = 9E7CC24C1DC7BE5C00906BEA /* ChecklistItemTableViewCell.swift */; };
		9E81B05F1DD25E9600F8929D /* PostSurgeryWelcomeInterface.xib in Resources */ = {isa = PBXBuildFile; fileRef = 9E81B05E1DD25E9600F8929D /* PostSurgeryWelcomeInterface.xib */; };
		9E81B0651DD25EC400F8929D /* PostSurgeryWelcomeViewController.swift in Sources */ = {isa = PBXBuildFile; fileRef = 9E81B0641DD25EC400F8929D /* PostSurgeryWelcomeViewController.swift */; };
		9E81DDCC1DCD05EE0065C928 /* SettingsItem.swift in Sources */ = {isa = PBXBuildFile; fileRef = 9E81DDCB1DCD05EE0065C928 /* SettingsItem.swift */; };
		9E81DDD31DCD17770065C928 /* NotesViewController.swift in Sources */ = {isa = PBXBuildFile; fileRef = 9E81DDD21DCD17770065C928 /* NotesViewController.swift */; };
		9E81DDD51DCD17860065C928 /* ResourcesViewController.swift in Sources */ = {isa = PBXBuildFile; fileRef = 9E81DDD41DCD17860065C928 /* ResourcesViewController.swift */; };
		9E81DDD71DCD17A00065C928 /* ExpectationsViewController.swift in Sources */ = {isa = PBXBuildFile; fileRef = 9E81DDD61DCD17A00065C928 /* ExpectationsViewController.swift */; };
		9E81DDDB1DCD17CE0065C928 /* LegalViewController.swift in Sources */ = {isa = PBXBuildFile; fileRef = 9E81DDDA1DCD17CE0065C928 /* LegalViewController.swift */; };
		9E81DDDD1DCD17EB0065C928 /* FAQViewController.swift in Sources */ = {isa = PBXBuildFile; fileRef = 9E81DDDC1DCD17EB0065C928 /* FAQViewController.swift */; };
		9E960FCB1DC94BAD00811FFB /* SurgeryCountdown.swift in Sources */ = {isa = PBXBuildFile; fileRef = 9E960FCA1DC94BAD00811FFB /* SurgeryCountdown.swift */; };
		9E960FD11DCA617500811FFB /* ChecklistItem.swift in Sources */ = {isa = PBXBuildFile; fileRef = 9E960FD01DCA617500811FFB /* ChecklistItem.swift */; };
		9E960FD61DCA8A8100811FFB /* WildernessGuideViewController.swift in Sources */ = {isa = PBXBuildFile; fileRef = 9E960FD51DCA8A8100811FFB /* WildernessGuideViewController.swift */; };
		9E960FD81DCA941100811FFB /* AppointmentViewController.swift in Sources */ = {isa = PBXBuildFile; fileRef = 9E960FD71DCA941100811FFB /* AppointmentViewController.swift */; };
		9E960FDA1DCAA53200811FFB /* AppointmentTableViewCell.swift in Sources */ = {isa = PBXBuildFile; fileRef = 9E960FD91DCAA53200811FFB /* AppointmentTableViewCell.swift */; };
		9E960FDC1DCAA58700811FFB /* AppointmentTypeTableViewCell.swift in Sources */ = {isa = PBXBuildFile; fileRef = 9E960FDB1DCAA58700811FFB /* AppointmentTypeTableViewCell.swift */; };
		9E960FDE1DCAA5BA00811FFB /* DateTableViewCell.swift in Sources */ = {isa = PBXBuildFile; fileRef = 9E960FDD1DCAA5BA00811FFB /* DateTableViewCell.swift */; };
		9E960FE01DCAA5D000811FFB /* PlaceTableViewCell.swift in Sources */ = {isa = PBXBuildFile; fileRef = 9E960FDF1DCAA5D000811FFB /* PlaceTableViewCell.swift */; };
		9EB5FC411DC1111300F9A53E /* HighlightButton.swift in Sources */ = {isa = PBXBuildFile; fileRef = 9EB5FC401DC1111300F9A53E /* HighlightButton.swift */; };
		9EB5FC431DC11FFE00F9A53E /* ProfileManager.swift in Sources */ = {isa = PBXBuildFile; fileRef = 9EB5FC421DC11FFE00F9A53E /* ProfileManager.swift */; };
		9EB5FC451DC12CBF00F9A53E /* ProfileInterface.xib in Resources */ = {isa = PBXBuildFile; fileRef = 9EB5FC441DC12CBF00F9A53E /* ProfileInterface.xib */; };
		9EB5FC471DC12CF200F9A53E /* ProfileViewController.swift in Sources */ = {isa = PBXBuildFile; fileRef = 9EB5FC461DC12CF200F9A53E /* ProfileViewController.swift */; };
		9EB5FC491DC1646700F9A53E /* PreSurgeryTransitionInterface.xib in Resources */ = {isa = PBXBuildFile; fileRef = 9EB5FC481DC1646700F9A53E /* PreSurgeryTransitionInterface.xib */; };
		9EB5FC4B1DC1679200F9A53E /* PreSurgeryTransitionViewController.swift in Sources */ = {isa = PBXBuildFile; fileRef = 9EB5FC4A1DC1679200F9A53E /* PreSurgeryTransitionViewController.swift */; };
		9EE1D32E1DD28F5800EB3E54 /* PostSurgeryConfirmationView.swift in Sources */ = {isa = PBXBuildFile; fileRef = 9EE1D32D1DD28F5800EB3E54 /* PostSurgeryConfirmationView.swift */; };
		9EE1D3301DD294BC00EB3E54 /* PostSurgeryRoutineViewController.swift in Sources */ = {isa = PBXBuildFile; fileRef = 9EE1D32F1DD294BC00EB3E54 /* PostSurgeryRoutineViewController.swift */; };
		9EFDA0541D8370F400FD6763 /* AppDelegate.swift in Sources */ = {isa = PBXBuildFile; fileRef = 9EFDA0531D8370F400FD6763 /* AppDelegate.swift */; };
		9EFDA0561D8370F400FD6763 /* RootViewController.swift in Sources */ = {isa = PBXBuildFile; fileRef = 9EFDA0551D8370F400FD6763 /* RootViewController.swift */; };
		9EFDA0591D8370F400FD6763 /* Main.storyboard in Resources */ = {isa = PBXBuildFile; fileRef = 9EFDA0571D8370F400FD6763 /* Main.storyboard */; };
		9EFDA05B1D8370F400FD6763 /* Assets.xcassets in Resources */ = {isa = PBXBuildFile; fileRef = 9EFDA05A1D8370F400FD6763 /* Assets.xcassets */; };
		9EFDA05E1D8370F400FD6763 /* LaunchScreen.storyboard in Resources */ = {isa = PBXBuildFile; fileRef = 9EFDA05C1D8370F400FD6763 /* LaunchScreen.storyboard */; };
		9EFDA0691D8370F400FD6763 /* Bees_KneesTests.swift in Sources */ = {isa = PBXBuildFile; fileRef = 9EFDA0681D8370F400FD6763 /* Bees_KneesTests.swift */; };
		9EFDA0741D8370F400FD6763 /* Bees_KneesUITests.swift in Sources */ = {isa = PBXBuildFile; fileRef = 9EFDA0731D8370F400FD6763 /* Bees_KneesUITests.swift */; };
		9EFDA0871D83713E00FD6763 /* PasscodeTask.swift in Sources */ = {isa = PBXBuildFile; fileRef = 9EFDA0861D83713E00FD6763 /* PasscodeTask.swift */; };
		9EFDA0891D83715600FD6763 /* MicrophoneTask.swift in Sources */ = {isa = PBXBuildFile; fileRef = 9EFDA0881D83715600FD6763 /* MicrophoneTask.swift */; };
		9EFDA08B1D83716900FD6763 /* SurveyTask.swift in Sources */ = {isa = PBXBuildFile; fileRef = 9EFDA08A1D83716900FD6763 /* SurveyTask.swift */; };
		9EFDA08D1D83717A00FD6763 /* ConsentDocument.swift in Sources */ = {isa = PBXBuildFile; fileRef = 9EFDA08C1D83717A00FD6763 /* ConsentDocument.swift */; };
		9EFDA08F1D83718700FD6763 /* ConsentTask.swift in Sources */ = {isa = PBXBuildFile; fileRef = 9EFDA08E1D83718700FD6763 /* ConsentTask.swift */; };
		9EFDA0911D83719500FD6763 /* Activity.swift in Sources */ = {isa = PBXBuildFile; fileRef = 9EFDA0901D83719500FD6763 /* Activity.swift */; };
		9EFDA0931D8371A000FD6763 /* Walk.swift in Sources */ = {isa = PBXBuildFile; fileRef = 9EFDA0921D8371A000FD6763 /* Walk.swift */; };
		D24AD4DF1DCBBE8700984EED /* HorizontalRule.swift in Sources */ = {isa = PBXBuildFile; fileRef = D24AD4DE1DCBBE8700984EED /* HorizontalRule.swift */; };
		D2A1B8D11DCBB85F00790F16 /* AppointmentCellData.swift in Sources */ = {isa = PBXBuildFile; fileRef = D2A1B8D01DCBB85F00790F16 /* AppointmentCellData.swift */; };
		D2A69C2A1DCB989C00A0F568 /* TitleTableViewCell.swift in Sources */ = {isa = PBXBuildFile; fileRef = D2A69C291DCB989C00A0F568 /* TitleTableViewCell.swift */; };
		D2A69C2C1DCB991100A0F568 /* NotesTableViewCell.swift in Sources */ = {isa = PBXBuildFile; fileRef = D2A69C2B1DCB991100A0F568 /* NotesTableViewCell.swift */; };
/* End PBXBuildFile section */

/* Begin PBXContainerItemProxy section */
		9E0C95A21DA5536300DD9254 /* PBXContainerItemProxy */ = {
			isa = PBXContainerItemProxy;
			containerPortal = 9E0C959C1DA5536300DD9254 /* ResearchKit.xcodeproj */;
			proxyType = 2;
			remoteGlobalIDString = B183A5951A8535D100C76870;
			remoteInfo = ResearchKit;
		};
		9E0C95A41DA5536300DD9254 /* PBXContainerItemProxy */ = {
			isa = PBXContainerItemProxy;
			containerPortal = 9E0C959C1DA5536300DD9254 /* ResearchKit.xcodeproj */;
			proxyType = 2;
			remoteGlobalIDString = 86CC8E9A1AC09332001CCD89;
			remoteInfo = ResearchKitTests;
		};
		9E0C95AC1DA5536C00DD9254 /* PBXContainerItemProxy */ = {
			isa = PBXContainerItemProxy;
			containerPortal = 9E0C95A61DA5536C00DD9254 /* CareKit.xcodeproj */;
			proxyType = 2;
			remoteGlobalIDString = 8605A5BA1C4F04EC00DD65FF;
			remoteInfo = CareKit;
		};
		9E0C95AE1DA5536C00DD9254 /* PBXContainerItemProxy */ = {
			isa = PBXContainerItemProxy;
			containerPortal = 9E0C95A61DA5536C00DD9254 /* CareKit.xcodeproj */;
			proxyType = 2;
			remoteGlobalIDString = 8605A5C41C4F04EC00DD65FF;
			remoteInfo = CareKitTests;
		};
		9E0C95B21DA5538A00DD9254 /* PBXContainerItemProxy */ = {
			isa = PBXContainerItemProxy;
			containerPortal = 9E0C959C1DA5536300DD9254 /* ResearchKit.xcodeproj */;
			proxyType = 1;
			remoteGlobalIDString = B183A4731A8535D100C76870;
			remoteInfo = ResearchKit;
		};
		9E0C95B61DA5539200DD9254 /* PBXContainerItemProxy */ = {
			isa = PBXContainerItemProxy;
			containerPortal = 9E0C95A61DA5536C00DD9254 /* CareKit.xcodeproj */;
			proxyType = 1;
			remoteGlobalIDString = 8605A5B91C4F04EC00DD65FF;
			remoteInfo = CareKit;
		};
		9EFDA0651D8370F400FD6763 /* PBXContainerItemProxy */ = {
			isa = PBXContainerItemProxy;
			containerPortal = 9EFDA0481D8370F400FD6763 /* Project object */;
			proxyType = 1;
			remoteGlobalIDString = 9EFDA04F1D8370F400FD6763;
			remoteInfo = "Bees Knees";
		};
		9EFDA0701D8370F400FD6763 /* PBXContainerItemProxy */ = {
			isa = PBXContainerItemProxy;
			containerPortal = 9EFDA0481D8370F400FD6763 /* Project object */;
			proxyType = 1;
			remoteGlobalIDString = 9EFDA04F1D8370F400FD6763;
			remoteInfo = "Bees Knees";
		};
/* End PBXContainerItemProxy section */

/* Begin PBXCopyFilesBuildPhase section */
		9EFDA0F31D83731800FD6763 /* Embed Frameworks */ = {
			isa = PBXCopyFilesBuildPhase;
			buildActionMask = 2147483647;
			dstPath = "";
			dstSubfolderSpec = 10;
			files = (
				9E0C95B51DA5539200DD9254 /* CareKit.framework in Embed Frameworks */,
				9E0C95B11DA5538A00DD9254 /* ResearchKit.framework in Embed Frameworks */,
			);
			name = "Embed Frameworks";
			runOnlyForDeploymentPostprocessing = 0;
		};
/* End PBXCopyFilesBuildPhase section */

/* Begin PBXFileReference section */
		9E0C959C1DA5536300DD9254 /* ResearchKit.xcodeproj */ = {isa = PBXFileReference; lastKnownFileType = "wrapper.pb-project"; name = ResearchKit.xcodeproj; path = ../ResearchKit/ResearchKit.xcodeproj; sourceTree = "<group>"; };
		9E0C95A61DA5536C00DD9254 /* CareKit.xcodeproj */ = {isa = PBXFileReference; lastKnownFileType = "wrapper.pb-project"; name = CareKit.xcodeproj; path = ../carekit/CareKit.xcodeproj; sourceTree = "<group>"; };
		9E14B7311DCCE18B00C7973A /* SettingsViewController.swift */ = {isa = PBXFileReference; fileEncoding = 4; lastKnownFileType = sourcecode.swift; name = SettingsViewController.swift; path = controllers/shared/SettingsViewController.swift; sourceTree = "<group>"; };
		9E17D3A11DB93D340072CDC1 /* PreSurgeryWelcomeViewController.swift */ = {isa = PBXFileReference; fileEncoding = 4; lastKnownFileType = sourcecode.swift; name = PreSurgeryWelcomeViewController.swift; path = controllers/PreSurgeryWelcomeViewController.swift; sourceTree = "<group>"; };
		9E17D3A31DB93DE60072CDC1 /* MainViewController.swift */ = {isa = PBXFileReference; fileEncoding = 4; lastKnownFileType = sourcecode.swift; path = MainViewController.swift; sourceTree = "<group>"; };
		9E17D3AA1DBEB10D0072CDC1 /* PreSurgeryWelcomeInterface.xib */ = {isa = PBXFileReference; fileEncoding = 4; lastKnownFileType = file.xib; name = PreSurgeryWelcomeInterface.xib; path = interfaces/PreSurgeryWelcomeInterface.xib; sourceTree = "<group>"; };
		9E1E44BC1DD0EE1100FF78A6 /* PostSurgeryWelcomeFlowViewController.swift */ = {isa = PBXFileReference; fileEncoding = 4; lastKnownFileType = sourcecode.swift; name = PostSurgeryWelcomeFlowViewController.swift; path = controllers/flow/PostSurgeryWelcomeFlowViewController.swift; sourceTree = "<group>"; };
		9E1E44C41DD0F47500FF78A6 /* PostSurgeryCongratsInterface.xib */ = {isa = PBXFileReference; fileEncoding = 4; lastKnownFileType = file.xib; name = PostSurgeryCongratsInterface.xib; path = interfaces/PostSurgeryCongratsInterface.xib; sourceTree = "<group>"; };
		9E1E44C61DD0F58C00FF78A6 /* PostSurgeryCongratsView.swift */ = {isa = PBXFileReference; fileEncoding = 4; lastKnownFileType = sourcecode.swift; name = PostSurgeryCongratsView.swift; path = views/PostSurgeryCongratsView.swift; sourceTree = "<group>"; };
		9E1E44C81DD1443C00FF78A6 /* PostSurgeryGoalView.swift */ = {isa = PBXFileReference; fileEncoding = 4; lastKnownFileType = sourcecode.swift; name = PostSurgeryGoalView.swift; path = views/PostSurgeryGoalView.swift; sourceTree = "<group>"; };
		9E1E44CA1DD14C7300FF78A6 /* PostSurgeryTransitionView.swift */ = {isa = PBXFileReference; fileEncoding = 4; lastKnownFileType = sourcecode.swift; name = PostSurgeryTransitionView.swift; path = views/PostSurgeryTransitionView.swift; sourceTree = "<group>"; };
		9E2E055F1DC3F8AE00E28651 /* PreSurgeryRoutineViewController.swift */ = {isa = PBXFileReference; fileEncoding = 4; lastKnownFileType = sourcecode.swift; name = PreSurgeryRoutineViewController.swift; path = controllers/flow/PreSurgeryRoutineViewController.swift; sourceTree = "<group>"; };
		9E2E05601DC3F8AE00E28651 /* PreSurgeryWelcomeFlowViewController.swift */ = {isa = PBXFileReference; fileEncoding = 4; lastKnownFileType = sourcecode.swift; name = PreSurgeryWelcomeFlowViewController.swift; path = controllers/flow/PreSurgeryWelcomeFlowViewController.swift; sourceTree = "<group>"; };
		9E429DB91DC288860066FF20 /* DateOfSurgeryView.swift */ = {isa = PBXFileReference; fileEncoding = 4; lastKnownFileType = sourcecode.swift; name = DateOfSurgeryView.swift; path = views/DateOfSurgeryView.swift; sourceTree = "<group>"; };
		9E429DBF1DC288CE0066FF20 /* DateOfSurgeryInterface.xib */ = {isa = PBXFileReference; fileEncoding = 4; lastKnownFileType = file.xib; name = DateOfSurgeryInterface.xib; path = interfaces/DateOfSurgeryInterface.xib; sourceTree = "<group>"; };
		9E429DC11DC289C80066FF20 /* DateOfSurgeryViewController.swift */ = {isa = PBXFileReference; fileEncoding = 4; lastKnownFileType = sourcecode.swift; name = DateOfSurgeryViewController.swift; path = controllers/DateOfSurgeryViewController.swift; sourceTree = "<group>"; };
		9E429DC41DC29E370066FF20 /* UIView+UIColor.swift */ = {isa = PBXFileReference; fileEncoding = 4; lastKnownFileType = sourcecode.swift; name = "UIView+UIColor.swift"; path = "extensions/UIView+UIColor.swift"; sourceTree = "<group>"; };
		9E429DF71DC2CA620066FF20 /* CarePlanStoreManager.swift */ = {isa = PBXFileReference; fileEncoding = 4; lastKnownFileType = sourcecode.swift; name = CarePlanStoreManager.swift; path = shared/CarePlanStoreManager.swift; sourceTree = "<group>"; };
		9E7CC24A1DC7ACC900906BEA /* PreSurgeryChecklistViewController.swift */ = {isa = PBXFileReference; fileEncoding = 4; lastKnownFileType = sourcecode.swift; name = PreSurgeryChecklistViewController.swift; path = controllers/PreSurgeryChecklistViewController.swift; sourceTree = "<group>"; };
		9E7CC24C1DC7BE5C00906BEA /* ChecklistItemTableViewCell.swift */ = {isa = PBXFileReference; fileEncoding = 4; lastKnownFileType = sourcecode.swift; name = ChecklistItemTableViewCell.swift; path = shared/ChecklistItemTableViewCell.swift; sourceTree = "<group>"; };
		9E81B05E1DD25E9600F8929D /* PostSurgeryWelcomeInterface.xib */ = {isa = PBXFileReference; fileEncoding = 4; lastKnownFileType = file.xib; name = PostSurgeryWelcomeInterface.xib; path = interfaces/PostSurgeryWelcomeInterface.xib; sourceTree = "<group>"; };
		9E81B0641DD25EC400F8929D /* PostSurgeryWelcomeViewController.swift */ = {isa = PBXFileReference; fileEncoding = 4; lastKnownFileType = sourcecode.swift; name = PostSurgeryWelcomeViewController.swift; path = controllers/PostSurgeryWelcomeViewController.swift; sourceTree = "<group>"; };
		9E81DDCB1DCD05EE0065C928 /* SettingsItem.swift */ = {isa = PBXFileReference; fileEncoding = 4; lastKnownFileType = sourcecode.swift; name = SettingsItem.swift; path = shared/SettingsItem.swift; sourceTree = "<group>"; };
		9E81DDD21DCD17770065C928 /* NotesViewController.swift */ = {isa = PBXFileReference; fileEncoding = 4; lastKnownFileType = sourcecode.swift; name = NotesViewController.swift; path = controllers/NotesViewController.swift; sourceTree = "<group>"; };
		9E81DDD41DCD17860065C928 /* ResourcesViewController.swift */ = {isa = PBXFileReference; fileEncoding = 4; lastKnownFileType = sourcecode.swift; name = ResourcesViewController.swift; path = controllers/ResourcesViewController.swift; sourceTree = "<group>"; };
		9E81DDD61DCD17A00065C928 /* ExpectationsViewController.swift */ = {isa = PBXFileReference; fileEncoding = 4; lastKnownFileType = sourcecode.swift; name = ExpectationsViewController.swift; path = controllers/ExpectationsViewController.swift; sourceTree = "<group>"; };
		9E81DDDA1DCD17CE0065C928 /* LegalViewController.swift */ = {isa = PBXFileReference; fileEncoding = 4; lastKnownFileType = sourcecode.swift; name = LegalViewController.swift; path = controllers/LegalViewController.swift; sourceTree = "<group>"; };
		9E81DDDC1DCD17EB0065C928 /* FAQViewController.swift */ = {isa = PBXFileReference; fileEncoding = 4; lastKnownFileType = sourcecode.swift; name = FAQViewController.swift; path = controllers/FAQViewController.swift; sourceTree = "<group>"; };
		9E960FCA1DC94BAD00811FFB /* SurgeryCountdown.swift */ = {isa = PBXFileReference; fileEncoding = 4; lastKnownFileType = sourcecode.swift; name = SurgeryCountdown.swift; path = views/SurgeryCountdown.swift; sourceTree = "<group>"; };
		9E960FD01DCA617500811FFB /* ChecklistItem.swift */ = {isa = PBXFileReference; fileEncoding = 4; lastKnownFileType = sourcecode.swift; name = ChecklistItem.swift; path = shared/ChecklistItem.swift; sourceTree = "<group>"; };
		9E960FD51DCA8A8100811FFB /* WildernessGuideViewController.swift */ = {isa = PBXFileReference; fileEncoding = 4; lastKnownFileType = sourcecode.swift; name = WildernessGuideViewController.swift; path = controllers/shared/WildernessGuideViewController.swift; sourceTree = "<group>"; };
		9E960FD71DCA941100811FFB /* AppointmentViewController.swift */ = {isa = PBXFileReference; fileEncoding = 4; lastKnownFileType = sourcecode.swift; name = AppointmentViewController.swift; path = controllers/shared/AppointmentViewController.swift; sourceTree = "<group>"; };
		9E960FD91DCAA53200811FFB /* AppointmentTableViewCell.swift */ = {isa = PBXFileReference; fileEncoding = 4; lastKnownFileType = sourcecode.swift; name = AppointmentTableViewCell.swift; path = shared/AppointmentTableViewCell.swift; sourceTree = "<group>"; };
		9E960FDB1DCAA58700811FFB /* AppointmentTypeTableViewCell.swift */ = {isa = PBXFileReference; fileEncoding = 4; lastKnownFileType = sourcecode.swift; name = AppointmentTypeTableViewCell.swift; path = shared/AppointmentTypeTableViewCell.swift; sourceTree = "<group>"; };
		9E960FDD1DCAA5BA00811FFB /* DateTableViewCell.swift */ = {isa = PBXFileReference; fileEncoding = 4; lastKnownFileType = sourcecode.swift; name = DateTableViewCell.swift; path = shared/DateTableViewCell.swift; sourceTree = "<group>"; };
		9E960FDF1DCAA5D000811FFB /* PlaceTableViewCell.swift */ = {isa = PBXFileReference; fileEncoding = 4; lastKnownFileType = sourcecode.swift; name = PlaceTableViewCell.swift; path = shared/PlaceTableViewCell.swift; sourceTree = "<group>"; };
		9EB5FC401DC1111300F9A53E /* HighlightButton.swift */ = {isa = PBXFileReference; fileEncoding = 4; lastKnownFileType = sourcecode.swift; name = HighlightButton.swift; path = shared/HighlightButton.swift; sourceTree = "<group>"; };
		9EB5FC421DC11FFE00F9A53E /* ProfileManager.swift */ = {isa = PBXFileReference; fileEncoding = 4; lastKnownFileType = sourcecode.swift; name = ProfileManager.swift; path = shared/ProfileManager.swift; sourceTree = "<group>"; };
		9EB5FC441DC12CBF00F9A53E /* ProfileInterface.xib */ = {isa = PBXFileReference; fileEncoding = 4; lastKnownFileType = file.xib; name = ProfileInterface.xib; path = interfaces/ProfileInterface.xib; sourceTree = "<group>"; };
		9EB5FC461DC12CF200F9A53E /* ProfileViewController.swift */ = {isa = PBXFileReference; fileEncoding = 4; lastKnownFileType = sourcecode.swift; name = ProfileViewController.swift; path = controllers/ProfileViewController.swift; sourceTree = "<group>"; };
		9EB5FC481DC1646700F9A53E /* PreSurgeryTransitionInterface.xib */ = {isa = PBXFileReference; fileEncoding = 4; lastKnownFileType = file.xib; name = PreSurgeryTransitionInterface.xib; path = interfaces/PreSurgeryTransitionInterface.xib; sourceTree = "<group>"; };
		9EB5FC4A1DC1679200F9A53E /* PreSurgeryTransitionViewController.swift */ = {isa = PBXFileReference; fileEncoding = 4; lastKnownFileType = sourcecode.swift; name = PreSurgeryTransitionViewController.swift; path = controllers/PreSurgeryTransitionViewController.swift; sourceTree = "<group>"; };
		9EE1D32D1DD28F5800EB3E54 /* PostSurgeryConfirmationView.swift */ = {isa = PBXFileReference; fileEncoding = 4; lastKnownFileType = sourcecode.swift; name = PostSurgeryConfirmationView.swift; path = views/PostSurgeryConfirmationView.swift; sourceTree = "<group>"; };
		9EE1D32F1DD294BC00EB3E54 /* PostSurgeryRoutineViewController.swift */ = {isa = PBXFileReference; fileEncoding = 4; lastKnownFileType = sourcecode.swift; name = PostSurgeryRoutineViewController.swift; path = controllers/flow/PostSurgeryRoutineViewController.swift; sourceTree = "<group>"; };
		9EFDA0501D8370F400FD6763 /* Bees Knees.app */ = {isa = PBXFileReference; explicitFileType = wrapper.application; includeInIndex = 0; path = "Bees Knees.app"; sourceTree = BUILT_PRODUCTS_DIR; };
		9EFDA0531D8370F400FD6763 /* AppDelegate.swift */ = {isa = PBXFileReference; lastKnownFileType = sourcecode.swift; path = AppDelegate.swift; sourceTree = "<group>"; };
		9EFDA0551D8370F400FD6763 /* RootViewController.swift */ = {isa = PBXFileReference; lastKnownFileType = sourcecode.swift; path = RootViewController.swift; sourceTree = "<group>"; };
		9EFDA0581D8370F400FD6763 /* Base */ = {isa = PBXFileReference; lastKnownFileType = file.storyboard; name = Base; path = Base.lproj/Main.storyboard; sourceTree = "<group>"; };
		9EFDA05A1D8370F400FD6763 /* Assets.xcassets */ = {isa = PBXFileReference; lastKnownFileType = folder.assetcatalog; path = Assets.xcassets; sourceTree = "<group>"; };
		9EFDA05D1D8370F400FD6763 /* Base */ = {isa = PBXFileReference; lastKnownFileType = file.storyboard; name = Base; path = Base.lproj/LaunchScreen.storyboard; sourceTree = "<group>"; };
		9EFDA05F1D8370F400FD6763 /* Info.plist */ = {isa = PBXFileReference; lastKnownFileType = text.plist.xml; path = Info.plist; sourceTree = "<group>"; };
		9EFDA0641D8370F400FD6763 /* Bees KneesTests.xctest */ = {isa = PBXFileReference; explicitFileType = wrapper.cfbundle; includeInIndex = 0; path = "Bees KneesTests.xctest"; sourceTree = BUILT_PRODUCTS_DIR; };
		9EFDA0681D8370F400FD6763 /* Bees_KneesTests.swift */ = {isa = PBXFileReference; lastKnownFileType = sourcecode.swift; path = Bees_KneesTests.swift; sourceTree = "<group>"; };
		9EFDA06A1D8370F400FD6763 /* Info.plist */ = {isa = PBXFileReference; lastKnownFileType = text.plist.xml; path = Info.plist; sourceTree = "<group>"; };
		9EFDA06F1D8370F400FD6763 /* Bees KneesUITests.xctest */ = {isa = PBXFileReference; explicitFileType = wrapper.cfbundle; includeInIndex = 0; path = "Bees KneesUITests.xctest"; sourceTree = BUILT_PRODUCTS_DIR; };
		9EFDA0731D8370F400FD6763 /* Bees_KneesUITests.swift */ = {isa = PBXFileReference; lastKnownFileType = sourcecode.swift; path = Bees_KneesUITests.swift; sourceTree = "<group>"; };
		9EFDA0751D8370F400FD6763 /* Info.plist */ = {isa = PBXFileReference; lastKnownFileType = text.plist.xml; path = Info.plist; sourceTree = "<group>"; };
		9EFDA0861D83713E00FD6763 /* PasscodeTask.swift */ = {isa = PBXFileReference; fileEncoding = 4; lastKnownFileType = sourcecode.swift; path = PasscodeTask.swift; sourceTree = "<group>"; };
		9EFDA0881D83715600FD6763 /* MicrophoneTask.swift */ = {isa = PBXFileReference; fileEncoding = 4; lastKnownFileType = sourcecode.swift; path = MicrophoneTask.swift; sourceTree = "<group>"; };
		9EFDA08A1D83716900FD6763 /* SurveyTask.swift */ = {isa = PBXFileReference; fileEncoding = 4; lastKnownFileType = sourcecode.swift; path = SurveyTask.swift; sourceTree = "<group>"; };
		9EFDA08C1D83717A00FD6763 /* ConsentDocument.swift */ = {isa = PBXFileReference; fileEncoding = 4; lastKnownFileType = sourcecode.swift; path = ConsentDocument.swift; sourceTree = "<group>"; };
		9EFDA08E1D83718700FD6763 /* ConsentTask.swift */ = {isa = PBXFileReference; fileEncoding = 4; lastKnownFileType = sourcecode.swift; path = ConsentTask.swift; sourceTree = "<group>"; };
		9EFDA0901D83719500FD6763 /* Activity.swift */ = {isa = PBXFileReference; fileEncoding = 4; lastKnownFileType = sourcecode.swift; path = Activity.swift; sourceTree = "<group>"; };
		9EFDA0921D8371A000FD6763 /* Walk.swift */ = {isa = PBXFileReference; fileEncoding = 4; lastKnownFileType = sourcecode.swift; path = Walk.swift; sourceTree = "<group>"; };
		D24AD4DE1DCBBE8700984EED /* HorizontalRule.swift */ = {isa = PBXFileReference; fileEncoding = 4; lastKnownFileType = sourcecode.swift; name = HorizontalRule.swift; path = shared/HorizontalRule.swift; sourceTree = "<group>"; };
		D2A1B8D01DCBB85F00790F16 /* AppointmentCellData.swift */ = {isa = PBXFileReference; fileEncoding = 4; lastKnownFileType = sourcecode.swift; name = AppointmentCellData.swift; path = shared/AppointmentCellData.swift; sourceTree = "<group>"; };
		D2A69C291DCB989C00A0F568 /* TitleTableViewCell.swift */ = {isa = PBXFileReference; fileEncoding = 4; lastKnownFileType = sourcecode.swift; name = TitleTableViewCell.swift; path = shared/TitleTableViewCell.swift; sourceTree = "<group>"; };
		D2A69C2B1DCB991100A0F568 /* NotesTableViewCell.swift */ = {isa = PBXFileReference; fileEncoding = 4; lastKnownFileType = sourcecode.swift; name = NotesTableViewCell.swift; path = shared/NotesTableViewCell.swift; sourceTree = "<group>"; };
/* End PBXFileReference section */

/* Begin PBXFrameworksBuildPhase section */
		9EFDA04D1D8370F400FD6763 /* Frameworks */ = {
			isa = PBXFrameworksBuildPhase;
			buildActionMask = 2147483647;
			files = (
				9E0C95B41DA5539200DD9254 /* CareKit.framework in Frameworks */,
				9E0C95B01DA5538A00DD9254 /* ResearchKit.framework in Frameworks */,
			);
			runOnlyForDeploymentPostprocessing = 0;
		};
		9EFDA0611D8370F400FD6763 /* Frameworks */ = {
			isa = PBXFrameworksBuildPhase;
			buildActionMask = 2147483647;
			files = (
			);
			runOnlyForDeploymentPostprocessing = 0;
		};
		9EFDA06C1D8370F400FD6763 /* Frameworks */ = {
			isa = PBXFrameworksBuildPhase;
			buildActionMask = 2147483647;
			files = (
			);
			runOnlyForDeploymentPostprocessing = 0;
		};
/* End PBXFrameworksBuildPhase section */

/* Begin PBXGroup section */
		9E0C959D1DA5536300DD9254 /* Products */ = {
			isa = PBXGroup;
			children = (
				9E0C95A31DA5536300DD9254 /* ResearchKit.framework */,
				9E0C95A51DA5536300DD9254 /* ResearchKitTests.xctest */,
			);
			name = Products;
			sourceTree = "<group>";
		};
		9E0C95A71DA5536C00DD9254 /* Products */ = {
			isa = PBXGroup;
			children = (
				9E0C95AD1DA5536C00DD9254 /* CareKit.framework */,
				9E0C95AF1DA5536C00DD9254 /* CareKitTests.xctest */,
			);
			name = Products;
			sourceTree = "<group>";
		};
		9E17D3A51DB942960072CDC1 /* controllers */ = {
			isa = PBXGroup;
			children = (
				9E960FD21DCA8A3A00811FFB /* shared */,
				9E2E055E1DC3F84900E28651 /* flow */,
				9E17D3A11DB93D340072CDC1 /* PreSurgeryWelcomeViewController.swift */,
				9EB5FC461DC12CF200F9A53E /* ProfileViewController.swift */,
				9EB5FC4A1DC1679200F9A53E /* PreSurgeryTransitionViewController.swift */,
				9E429DC11DC289C80066FF20 /* DateOfSurgeryViewController.swift */,
				9E7CC24A1DC7ACC900906BEA /* PreSurgeryChecklistViewController.swift */,
				9E81DDD21DCD17770065C928 /* NotesViewController.swift */,
				9E81DDD41DCD17860065C928 /* ResourcesViewController.swift */,
				9E81DDD61DCD17A00065C928 /* ExpectationsViewController.swift */,
				9E81DDDA1DCD17CE0065C928 /* LegalViewController.swift */,
				9E81DDDC1DCD17EB0065C928 /* FAQViewController.swift */,
				9E81B0641DD25EC400F8929D /* PostSurgeryWelcomeViewController.swift */,
			);
			name = controllers;
			sourceTree = "<group>";
		};
		9E17D3A61DB94E540072CDC1 /* views */ = {
			isa = PBXGroup;
			children = (
				9E429DB91DC288860066FF20 /* DateOfSurgeryView.swift */,
				9E960FCA1DC94BAD00811FFB /* SurgeryCountdown.swift */,
				9EE1D32D1DD28F5800EB3E54 /* PostSurgeryConfirmationView.swift */,
				9E1E44C61DD0F58C00FF78A6 /* PostSurgeryCongratsView.swift */,
				9E1E44C81DD1443C00FF78A6 /* PostSurgeryGoalView.swift */,
				9E1E44CA1DD14C7300FF78A6 /* PostSurgeryTransitionView.swift */,
			);
			name = views;
			sourceTree = "<group>";
		};
		9E17D3A91DBEB0D60072CDC1 /* interfaces */ = {
			isa = PBXGroup;
			children = (
				9E17D3AA1DBEB10D0072CDC1 /* PreSurgeryWelcomeInterface.xib */,
				9EB5FC441DC12CBF00F9A53E /* ProfileInterface.xib */,
				9EB5FC481DC1646700F9A53E /* PreSurgeryTransitionInterface.xib */,
				9E429DBF1DC288CE0066FF20 /* DateOfSurgeryInterface.xib */,
				9E1E44C41DD0F47500FF78A6 /* PostSurgeryCongratsInterface.xib */,
				9E81B05E1DD25E9600F8929D /* PostSurgeryWelcomeInterface.xib */,
			);
			name = interfaces;
			sourceTree = "<group>";
		};
		9E2E055E1DC3F84900E28651 /* flow */ = {
			isa = PBXGroup;
			children = (
				9E2E05601DC3F8AE00E28651 /* PreSurgeryWelcomeFlowViewController.swift */,
				9E2E055F1DC3F8AE00E28651 /* PreSurgeryRoutineViewController.swift */,
				9E1E44BC1DD0EE1100FF78A6 /* PostSurgeryWelcomeFlowViewController.swift */,
				9EE1D32F1DD294BC00EB3E54 /* PostSurgeryRoutineViewController.swift */,
			);
			name = flow;
			sourceTree = "<group>";
		};
		9E429DC31DC29E240066FF20 /* extensions */ = {
			isa = PBXGroup;
			children = (
				9E429DC41DC29E370066FF20 /* UIView+UIColor.swift */,
			);
			name = extensions;
			sourceTree = "<group>";
		};
		9E960FD21DCA8A3A00811FFB /* shared */ = {
			isa = PBXGroup;
			children = (
				9E960FD51DCA8A8100811FFB /* WildernessGuideViewController.swift */,
				9E960FD71DCA941100811FFB /* AppointmentViewController.swift */,
				9E14B7311DCCE18B00C7973A /* SettingsViewController.swift */,
			);
			name = shared;
			sourceTree = "<group>";
		};
		9EB5FC3F1DC110F600F9A53E /* shared */ = {
			isa = PBXGroup;
			children = (
				D24AD4DE1DCBBE8700984EED /* HorizontalRule.swift */,
				9EB5FC401DC1111300F9A53E /* HighlightButton.swift */,
				9EB5FC421DC11FFE00F9A53E /* ProfileManager.swift */,
				9E429DF71DC2CA620066FF20 /* CarePlanStoreManager.swift */,
				9E7CC24C1DC7BE5C00906BEA /* ChecklistItemTableViewCell.swift */,
				9E960FD01DCA617500811FFB /* ChecklistItem.swift */,
				9E960FD91DCAA53200811FFB /* AppointmentTableViewCell.swift */,
				D2A1B8D01DCBB85F00790F16 /* AppointmentCellData.swift */,
				D2A69C291DCB989C00A0F568 /* TitleTableViewCell.swift */,
				9E960FDB1DCAA58700811FFB /* AppointmentTypeTableViewCell.swift */,
				9E960FDD1DCAA5BA00811FFB /* DateTableViewCell.swift */,
				9E960FDF1DCAA5D000811FFB /* PlaceTableViewCell.swift */,
				D2A69C2B1DCB991100A0F568 /* NotesTableViewCell.swift */,
				9E81DDCB1DCD05EE0065C928 /* SettingsItem.swift */,
			);
			name = shared;
			sourceTree = "<group>";
		};
		9EFDA0471D8370F400FD6763 = {
			isa = PBXGroup;
			children = (
				9EFDA0521D8370F400FD6763 /* Bees Knees */,
				9EFDA0671D8370F400FD6763 /* Bees KneesTests */,
				9EFDA0721D8370F400FD6763 /* Bees KneesUITests */,
				9EFDA0941D8371CE00FD6763 /* Linked frameworks */,
				9EFDA0511D8370F400FD6763 /* Products */,
			);
			sourceTree = "<group>";
		};
		9EFDA0511D8370F400FD6763 /* Products */ = {
			isa = PBXGroup;
			children = (
				9EFDA0501D8370F400FD6763 /* Bees Knees.app */,
				9EFDA0641D8370F400FD6763 /* Bees KneesTests.xctest */,
				9EFDA06F1D8370F400FD6763 /* Bees KneesUITests.xctest */,
			);
			name = Products;
			sourceTree = "<group>";
		};
		9EFDA0521D8370F400FD6763 /* Bees Knees */ = {
			isa = PBXGroup;
			children = (
				9E429DC31DC29E240066FF20 /* extensions */,
				9E17D3A91DBEB0D60072CDC1 /* interfaces */,
				9E17D3A51DB942960072CDC1 /* controllers */,
				9E17D3A61DB94E540072CDC1 /* views */,
				9EB5FC3F1DC110F600F9A53E /* shared */,
				9EFDA0811D83710700FD6763 /* Passcode */,
				9EFDA0821D83710D00FD6763 /* Tasks */,
				9EFDA0831D83711100FD6763 /* Survey */,
				9EFDA0841D83711600FD6763 /* Consent */,
				9EFDA0851D83711A00FD6763 /* Activities */,
				9EFDA0531D8370F400FD6763 /* AppDelegate.swift */,
				9E17D3A31DB93DE60072CDC1 /* MainViewController.swift */,
				9EFDA0551D8370F400FD6763 /* RootViewController.swift */,
				9EFDA0571D8370F400FD6763 /* Main.storyboard */,
				9EFDA05A1D8370F400FD6763 /* Assets.xcassets */,
				9EFDA05C1D8370F400FD6763 /* LaunchScreen.storyboard */,
				9EFDA05F1D8370F400FD6763 /* Info.plist */,
			);
			path = "Bees Knees";
			sourceTree = "<group>";
		};
		9EFDA0671D8370F400FD6763 /* Bees KneesTests */ = {
			isa = PBXGroup;
			children = (
				9EFDA0681D8370F400FD6763 /* Bees_KneesTests.swift */,
				9EFDA06A1D8370F400FD6763 /* Info.plist */,
			);
			path = "Bees KneesTests";
			sourceTree = "<group>";
		};
		9EFDA0721D8370F400FD6763 /* Bees KneesUITests */ = {
			isa = PBXGroup;
			children = (
				9EFDA0731D8370F400FD6763 /* Bees_KneesUITests.swift */,
				9EFDA0751D8370F400FD6763 /* Info.plist */,
			);
			path = "Bees KneesUITests";
			sourceTree = "<group>";
		};
		9EFDA0811D83710700FD6763 /* Passcode */ = {
			isa = PBXGroup;
			children = (
				9EFDA0861D83713E00FD6763 /* PasscodeTask.swift */,
			);
			name = Passcode;
			sourceTree = "<group>";
		};
		9EFDA0821D83710D00FD6763 /* Tasks */ = {
			isa = PBXGroup;
			children = (
				9EFDA0881D83715600FD6763 /* MicrophoneTask.swift */,
			);
			name = Tasks;
			sourceTree = "<group>";
		};
		9EFDA0831D83711100FD6763 /* Survey */ = {
			isa = PBXGroup;
			children = (
				9EFDA08A1D83716900FD6763 /* SurveyTask.swift */,
			);
			name = Survey;
			sourceTree = "<group>";
		};
		9EFDA0841D83711600FD6763 /* Consent */ = {
			isa = PBXGroup;
			children = (
				9EFDA08C1D83717A00FD6763 /* ConsentDocument.swift */,
				9EFDA08E1D83718700FD6763 /* ConsentTask.swift */,
			);
			name = Consent;
			sourceTree = "<group>";
		};
		9EFDA0851D83711A00FD6763 /* Activities */ = {
			isa = PBXGroup;
			children = (
				9EFDA0901D83719500FD6763 /* Activity.swift */,
				9EFDA0921D8371A000FD6763 /* Walk.swift */,
			);
			name = Activities;
			sourceTree = "<group>";
		};
		9EFDA0941D8371CE00FD6763 /* Linked frameworks */ = {
			isa = PBXGroup;
			children = (
				9E0C959C1DA5536300DD9254 /* ResearchKit.xcodeproj */,
				9E0C95A61DA5536C00DD9254 /* CareKit.xcodeproj */,
			);
			name = "Linked frameworks";
			sourceTree = "<group>";
		};
/* End PBXGroup section */

/* Begin PBXNativeTarget section */
		9EFDA04F1D8370F400FD6763 /* Bees Knees */ = {
			isa = PBXNativeTarget;
			buildConfigurationList = 9EFDA0781D8370F400FD6763 /* Build configuration list for PBXNativeTarget "Bees Knees" */;
			buildPhases = (
				9EFDA04C1D8370F400FD6763 /* Sources */,
				9EFDA04D1D8370F400FD6763 /* Frameworks */,
				9EFDA04E1D8370F400FD6763 /* Resources */,
				9EFDA0F31D83731800FD6763 /* Embed Frameworks */,
			);
			buildRules = (
			);
			dependencies = (
				9E0C95B31DA5538A00DD9254 /* PBXTargetDependency */,
				9E0C95B71DA5539200DD9254 /* PBXTargetDependency */,
			);
			name = "Bees Knees";
			productName = "Bees Knees";
			productReference = 9EFDA0501D8370F400FD6763 /* Bees Knees.app */;
			productType = "com.apple.product-type.application";
		};
		9EFDA0631D8370F400FD6763 /* Bees KneesTests */ = {
			isa = PBXNativeTarget;
			buildConfigurationList = 9EFDA07B1D8370F400FD6763 /* Build configuration list for PBXNativeTarget "Bees KneesTests" */;
			buildPhases = (
				9EFDA0601D8370F400FD6763 /* Sources */,
				9EFDA0611D8370F400FD6763 /* Frameworks */,
				9EFDA0621D8370F400FD6763 /* Resources */,
			);
			buildRules = (
			);
			dependencies = (
				9EFDA0661D8370F400FD6763 /* PBXTargetDependency */,
			);
			name = "Bees KneesTests";
			productName = "Bees KneesTests";
			productReference = 9EFDA0641D8370F400FD6763 /* Bees KneesTests.xctest */;
			productType = "com.apple.product-type.bundle.unit-test";
		};
		9EFDA06E1D8370F400FD6763 /* Bees KneesUITests */ = {
			isa = PBXNativeTarget;
			buildConfigurationList = 9EFDA07E1D8370F400FD6763 /* Build configuration list for PBXNativeTarget "Bees KneesUITests" */;
			buildPhases = (
				9EFDA06B1D8370F400FD6763 /* Sources */,
				9EFDA06C1D8370F400FD6763 /* Frameworks */,
				9EFDA06D1D8370F400FD6763 /* Resources */,
			);
			buildRules = (
			);
			dependencies = (
				9EFDA0711D8370F400FD6763 /* PBXTargetDependency */,
			);
			name = "Bees KneesUITests";
			productName = "Bees KneesUITests";
			productReference = 9EFDA06F1D8370F400FD6763 /* Bees KneesUITests.xctest */;
			productType = "com.apple.product-type.bundle.ui-testing";
		};
/* End PBXNativeTarget section */

/* Begin PBXProject section */
		9EFDA0481D8370F400FD6763 /* Project object */ = {
			isa = PBXProject;
			attributes = {
				LastSwiftUpdateCheck = 0730;
				LastUpgradeCheck = 0730;
				ORGANIZATIONNAME = "Sutter Health";
				TargetAttributes = {
					9EFDA04F1D8370F400FD6763 = {
						CreatedOnToolsVersion = 7.3.1;
						DevelopmentTeam = ADEZZWZJT8;
						LastSwiftMigration = 0800;
					};
					9EFDA0631D8370F400FD6763 = {
						CreatedOnToolsVersion = 7.3.1;
						LastSwiftMigration = 0800;
						TestTargetID = 9EFDA04F1D8370F400FD6763;
					};
					9EFDA06E1D8370F400FD6763 = {
						CreatedOnToolsVersion = 7.3.1;
						LastSwiftMigration = 0800;
						TestTargetID = 9EFDA04F1D8370F400FD6763;
					};
				};
			};
			buildConfigurationList = 9EFDA04B1D8370F400FD6763 /* Build configuration list for PBXProject "Bees Knees" */;
			compatibilityVersion = "Xcode 3.2";
			developmentRegion = English;
			hasScannedForEncodings = 0;
			knownRegions = (
				en,
				Base,
			);
			mainGroup = 9EFDA0471D8370F400FD6763;
			productRefGroup = 9EFDA0511D8370F400FD6763 /* Products */;
			projectDirPath = "";
			projectReferences = (
				{
					ProductGroup = 9E0C95A71DA5536C00DD9254 /* Products */;
					ProjectRef = 9E0C95A61DA5536C00DD9254 /* CareKit.xcodeproj */;
				},
				{
					ProductGroup = 9E0C959D1DA5536300DD9254 /* Products */;
					ProjectRef = 9E0C959C1DA5536300DD9254 /* ResearchKit.xcodeproj */;
				},
			);
			projectRoot = "";
			targets = (
				9EFDA04F1D8370F400FD6763 /* Bees Knees */,
				9EFDA0631D8370F400FD6763 /* Bees KneesTests */,
				9EFDA06E1D8370F400FD6763 /* Bees KneesUITests */,
			);
		};
/* End PBXProject section */

/* Begin PBXReferenceProxy section */
		9E0C95A31DA5536300DD9254 /* ResearchKit.framework */ = {
			isa = PBXReferenceProxy;
			fileType = wrapper.framework;
			path = ResearchKit.framework;
			remoteRef = 9E0C95A21DA5536300DD9254 /* PBXContainerItemProxy */;
			sourceTree = BUILT_PRODUCTS_DIR;
		};
		9E0C95A51DA5536300DD9254 /* ResearchKitTests.xctest */ = {
			isa = PBXReferenceProxy;
			fileType = wrapper.cfbundle;
			path = ResearchKitTests.xctest;
			remoteRef = 9E0C95A41DA5536300DD9254 /* PBXContainerItemProxy */;
			sourceTree = BUILT_PRODUCTS_DIR;
		};
		9E0C95AD1DA5536C00DD9254 /* CareKit.framework */ = {
			isa = PBXReferenceProxy;
			fileType = wrapper.framework;
			path = CareKit.framework;
			remoteRef = 9E0C95AC1DA5536C00DD9254 /* PBXContainerItemProxy */;
			sourceTree = BUILT_PRODUCTS_DIR;
		};
		9E0C95AF1DA5536C00DD9254 /* CareKitTests.xctest */ = {
			isa = PBXReferenceProxy;
			fileType = wrapper.cfbundle;
			path = CareKitTests.xctest;
			remoteRef = 9E0C95AE1DA5536C00DD9254 /* PBXContainerItemProxy */;
			sourceTree = BUILT_PRODUCTS_DIR;
		};
/* End PBXReferenceProxy section */

/* Begin PBXResourcesBuildPhase section */
		9EFDA04E1D8370F400FD6763 /* Resources */ = {
			isa = PBXResourcesBuildPhase;
			buildActionMask = 2147483647;
			files = (
				9E17D3AB1DBEB10D0072CDC1 /* PreSurgeryWelcomeInterface.xib in Resources */,
				9EFDA05E1D8370F400FD6763 /* LaunchScreen.storyboard in Resources */,
				9E429DC01DC288CE0066FF20 /* DateOfSurgeryInterface.xib in Resources */,
				9EFDA05B1D8370F400FD6763 /* Assets.xcassets in Resources */,
				9E1E44C51DD0F47500FF78A6 /* PostSurgeryCongratsInterface.xib in Resources */,
				9EFDA0591D8370F400FD6763 /* Main.storyboard in Resources */,
				9EB5FC491DC1646700F9A53E /* PreSurgeryTransitionInterface.xib in Resources */,
				9EB5FC451DC12CBF00F9A53E /* ProfileInterface.xib in Resources */,
				9E81B05F1DD25E9600F8929D /* PostSurgeryWelcomeInterface.xib in Resources */,
			);
			runOnlyForDeploymentPostprocessing = 0;
		};
		9EFDA0621D8370F400FD6763 /* Resources */ = {
			isa = PBXResourcesBuildPhase;
			buildActionMask = 2147483647;
			files = (
			);
			runOnlyForDeploymentPostprocessing = 0;
		};
		9EFDA06D1D8370F400FD6763 /* Resources */ = {
			isa = PBXResourcesBuildPhase;
			buildActionMask = 2147483647;
			files = (
			);
			runOnlyForDeploymentPostprocessing = 0;
		};
/* End PBXResourcesBuildPhase section */

/* Begin PBXSourcesBuildPhase section */
		9EFDA04C1D8370F400FD6763 /* Sources */ = {
			isa = PBXSourcesBuildPhase;
			buildActionMask = 2147483647;
			files = (
				9EFDA0871D83713E00FD6763 /* PasscodeTask.swift in Sources */,
				9E1E44CB1DD14C7300FF78A6 /* PostSurgeryTransitionView.swift in Sources */,
				9E429DBA1DC288860066FF20 /* DateOfSurgeryView.swift in Sources */,
				D2A69C2A1DCB989C00A0F568 /* TitleTableViewCell.swift in Sources */,
				9E17D3A41DB93DE60072CDC1 /* MainViewController.swift in Sources */,
				9EE1D32E1DD28F5800EB3E54 /* PostSurgeryConfirmationView.swift in Sources */,
				9EB5FC431DC11FFE00F9A53E /* ProfileManager.swift in Sources */,
				9E960FDA1DCAA53200811FFB /* AppointmentTableViewCell.swift in Sources */,
				9EFDA0931D8371A000FD6763 /* Walk.swift in Sources */,
				9E960FDC1DCAA58700811FFB /* AppointmentTypeTableViewCell.swift in Sources */,
				9E81DDD31DCD17770065C928 /* NotesViewController.swift in Sources */,
				9E2E05611DC3F8AE00E28651 /* PreSurgeryRoutineViewController.swift in Sources */,
				9E960FD81DCA941100811FFB /* AppointmentViewController.swift in Sources */,
				9EB5FC4B1DC1679200F9A53E /* PreSurgeryTransitionViewController.swift in Sources */,
				D2A1B8D11DCBB85F00790F16 /* AppointmentCellData.swift in Sources */,
				D24AD4DF1DCBBE8700984EED /* HorizontalRule.swift in Sources */,
				9EFDA08D1D83717A00FD6763 /* ConsentDocument.swift in Sources */,
				9EE1D3301DD294BC00EB3E54 /* PostSurgeryRoutineViewController.swift in Sources */,
				9E960FE01DCAA5D000811FFB /* PlaceTableViewCell.swift in Sources */,
				9E81DDDB1DCD17CE0065C928 /* LegalViewController.swift in Sources */,
				9EFDA0561D8370F400FD6763 /* RootViewController.swift in Sources */,
				9EFDA08F1D83718700FD6763 /* ConsentTask.swift in Sources */,
				9E81DDD71DCD17A00065C928 /* ExpectationsViewController.swift in Sources */,
				9E2E05621DC3F8AE00E28651 /* PreSurgeryWelcomeFlowViewController.swift in Sources */,
				9E960FCB1DC94BAD00811FFB /* SurgeryCountdown.swift in Sources */,
				9E960FDE1DCAA5BA00811FFB /* DateTableViewCell.swift in Sources */,
				9EFDA08B1D83716900FD6763 /* SurveyTask.swift in Sources */,
				9E1E44C91DD1443C00FF78A6 /* PostSurgeryGoalView.swift in Sources */,
				9E429DF81DC2CA620066FF20 /* CarePlanStoreManager.swift in Sources */,
				9EB5FC411DC1111300F9A53E /* HighlightButton.swift in Sources */,
				9E7CC24D1DC7BE5C00906BEA /* ChecklistItemTableViewCell.swift in Sources */,
				9E1E44C71DD0F58C00FF78A6 /* PostSurgeryCongratsView.swift in Sources */,
				9E960FD11DCA617500811FFB /* ChecklistItem.swift in Sources */,
				9E429DC21DC289C80066FF20 /* DateOfSurgeryViewController.swift in Sources */,
				9EFDA0891D83715600FD6763 /* MicrophoneTask.swift in Sources */,
				9E429DC51DC29E370066FF20 /* UIView+UIColor.swift in Sources */,
				9E81B0651DD25EC400F8929D /* PostSurgeryWelcomeViewController.swift in Sources */,
				D2A69C2C1DCB991100A0F568 /* NotesTableViewCell.swift in Sources */,
				9E81DDD51DCD17860065C928 /* ResourcesViewController.swift in Sources */,
				9EFDA0911D83719500FD6763 /* Activity.swift in Sources */,
				9E7CC24B1DC7ACC900906BEA /* PreSurgeryChecklistViewController.swift in Sources */,
				9E81DDCC1DCD05EE0065C928 /* SettingsItem.swift in Sources */,
				9EB5FC471DC12CF200F9A53E /* ProfileViewController.swift in Sources */,
				9EFDA0541D8370F400FD6763 /* AppDelegate.swift in Sources */,
				9E17D3A21DB93D340072CDC1 /* PreSurgeryWelcomeViewController.swift in Sources */,
				9E81DDDD1DCD17EB0065C928 /* FAQViewController.swift in Sources */,
				9E960FD61DCA8A8100811FFB /* WildernessGuideViewController.swift in Sources */,
				9E1E44BD1DD0EE1100FF78A6 /* PostSurgeryWelcomeFlowViewController.swift in Sources */,
				9E14B7321DCCE18B00C7973A /* SettingsViewController.swift in Sources */,
			);
			runOnlyForDeploymentPostprocessing = 0;
		};
		9EFDA0601D8370F400FD6763 /* Sources */ = {
			isa = PBXSourcesBuildPhase;
			buildActionMask = 2147483647;
			files = (
				9EFDA0691D8370F400FD6763 /* Bees_KneesTests.swift in Sources */,
			);
			runOnlyForDeploymentPostprocessing = 0;
		};
		9EFDA06B1D8370F400FD6763 /* Sources */ = {
			isa = PBXSourcesBuildPhase;
			buildActionMask = 2147483647;
			files = (
				9EFDA0741D8370F400FD6763 /* Bees_KneesUITests.swift in Sources */,
			);
			runOnlyForDeploymentPostprocessing = 0;
		};
/* End PBXSourcesBuildPhase section */

/* Begin PBXTargetDependency section */
		9E0C95B31DA5538A00DD9254 /* PBXTargetDependency */ = {
			isa = PBXTargetDependency;
			name = ResearchKit;
			targetProxy = 9E0C95B21DA5538A00DD9254 /* PBXContainerItemProxy */;
		};
		9E0C95B71DA5539200DD9254 /* PBXTargetDependency */ = {
			isa = PBXTargetDependency;
			name = CareKit;
			targetProxy = 9E0C95B61DA5539200DD9254 /* PBXContainerItemProxy */;
		};
		9EFDA0661D8370F400FD6763 /* PBXTargetDependency */ = {
			isa = PBXTargetDependency;
			target = 9EFDA04F1D8370F400FD6763 /* Bees Knees */;
			targetProxy = 9EFDA0651D8370F400FD6763 /* PBXContainerItemProxy */;
		};
		9EFDA0711D8370F400FD6763 /* PBXTargetDependency */ = {
			isa = PBXTargetDependency;
			target = 9EFDA04F1D8370F400FD6763 /* Bees Knees */;
			targetProxy = 9EFDA0701D8370F400FD6763 /* PBXContainerItemProxy */;
		};
/* End PBXTargetDependency section */

/* Begin PBXVariantGroup section */
		9EFDA0571D8370F400FD6763 /* Main.storyboard */ = {
			isa = PBXVariantGroup;
			children = (
				9EFDA0581D8370F400FD6763 /* Base */,
			);
			name = Main.storyboard;
			sourceTree = "<group>";
		};
		9EFDA05C1D8370F400FD6763 /* LaunchScreen.storyboard */ = {
			isa = PBXVariantGroup;
			children = (
				9EFDA05D1D8370F400FD6763 /* Base */,
			);
			name = LaunchScreen.storyboard;
			sourceTree = "<group>";
		};
/* End PBXVariantGroup section */

/* Begin XCBuildConfiguration section */
		9EFDA0761D8370F400FD6763 /* Debug */ = {
			isa = XCBuildConfiguration;
			buildSettings = {
				ALWAYS_SEARCH_USER_PATHS = NO;
				CLANG_ANALYZER_NONNULL = YES;
				CLANG_CXX_LANGUAGE_STANDARD = "gnu++0x";
				CLANG_CXX_LIBRARY = "libc++";
				CLANG_ENABLE_MODULES = YES;
				CLANG_ENABLE_OBJC_ARC = YES;
				CLANG_WARN_BOOL_CONVERSION = YES;
				CLANG_WARN_CONSTANT_CONVERSION = YES;
				CLANG_WARN_DIRECT_OBJC_ISA_USAGE = YES_ERROR;
				CLANG_WARN_EMPTY_BODY = YES;
				CLANG_WARN_ENUM_CONVERSION = YES;
				CLANG_WARN_INT_CONVERSION = YES;
				CLANG_WARN_OBJC_ROOT_CLASS = YES_ERROR;
				CLANG_WARN_UNREACHABLE_CODE = YES;
				CLANG_WARN__DUPLICATE_METHOD_MATCH = YES;
				"CODE_SIGN_IDENTITY[sdk=iphoneos*]" = "iPhone Developer";
				COPY_PHASE_STRIP = NO;
				DEBUG_INFORMATION_FORMAT = dwarf;
				ENABLE_STRICT_OBJC_MSGSEND = YES;
				ENABLE_TESTABILITY = YES;
				GCC_C_LANGUAGE_STANDARD = gnu99;
				GCC_DYNAMIC_NO_PIC = NO;
				GCC_NO_COMMON_BLOCKS = YES;
				GCC_OPTIMIZATION_LEVEL = 0;
				GCC_PREPROCESSOR_DEFINITIONS = (
					"DEBUG=1",
					"$(inherited)",
				);
				GCC_WARN_64_TO_32_BIT_CONVERSION = YES;
				GCC_WARN_ABOUT_RETURN_TYPE = YES_ERROR;
				GCC_WARN_UNDECLARED_SELECTOR = YES;
				GCC_WARN_UNINITIALIZED_AUTOS = YES_AGGRESSIVE;
				GCC_WARN_UNUSED_FUNCTION = YES;
				GCC_WARN_UNUSED_VARIABLE = YES;
				IPHONEOS_DEPLOYMENT_TARGET = 9.3;
				MTL_ENABLE_DEBUG_INFO = YES;
				ONLY_ACTIVE_ARCH = YES;
				SDKROOT = iphoneos;
				SWIFT_OPTIMIZATION_LEVEL = "-Onone";
				TARGETED_DEVICE_FAMILY = "1,2";
			};
			name = Debug;
		};
		9EFDA0771D8370F400FD6763 /* Release */ = {
			isa = XCBuildConfiguration;
			buildSettings = {
				ALWAYS_SEARCH_USER_PATHS = NO;
				CLANG_ANALYZER_NONNULL = YES;
				CLANG_CXX_LANGUAGE_STANDARD = "gnu++0x";
				CLANG_CXX_LIBRARY = "libc++";
				CLANG_ENABLE_MODULES = YES;
				CLANG_ENABLE_OBJC_ARC = YES;
				CLANG_WARN_BOOL_CONVERSION = YES;
				CLANG_WARN_CONSTANT_CONVERSION = YES;
				CLANG_WARN_DIRECT_OBJC_ISA_USAGE = YES_ERROR;
				CLANG_WARN_EMPTY_BODY = YES;
				CLANG_WARN_ENUM_CONVERSION = YES;
				CLANG_WARN_INT_CONVERSION = YES;
				CLANG_WARN_OBJC_ROOT_CLASS = YES_ERROR;
				CLANG_WARN_UNREACHABLE_CODE = YES;
				CLANG_WARN__DUPLICATE_METHOD_MATCH = YES;
				"CODE_SIGN_IDENTITY[sdk=iphoneos*]" = "iPhone Developer";
				COPY_PHASE_STRIP = NO;
				DEBUG_INFORMATION_FORMAT = "dwarf-with-dsym";
				ENABLE_NS_ASSERTIONS = NO;
				ENABLE_STRICT_OBJC_MSGSEND = YES;
				GCC_C_LANGUAGE_STANDARD = gnu99;
				GCC_NO_COMMON_BLOCKS = YES;
				GCC_WARN_64_TO_32_BIT_CONVERSION = YES;
				GCC_WARN_ABOUT_RETURN_TYPE = YES_ERROR;
				GCC_WARN_UNDECLARED_SELECTOR = YES;
				GCC_WARN_UNINITIALIZED_AUTOS = YES_AGGRESSIVE;
				GCC_WARN_UNUSED_FUNCTION = YES;
				GCC_WARN_UNUSED_VARIABLE = YES;
				IPHONEOS_DEPLOYMENT_TARGET = 9.3;
				MTL_ENABLE_DEBUG_INFO = NO;
				SDKROOT = iphoneos;
				TARGETED_DEVICE_FAMILY = "1,2";
				VALIDATE_PRODUCT = YES;
			};
			name = Release;
		};
		9EFDA0791D8370F400FD6763 /* Debug */ = {
			isa = XCBuildConfiguration;
			buildSettings = {
				ALWAYS_EMBED_SWIFT_STANDARD_LIBRARIES = YES;
				ASSETCATALOG_COMPILER_APPICON_NAME = "AppIcon-1";
				ASSETCATALOG_COMPILER_LAUNCHIMAGE_NAME = LaunchImage;
				DEVELOPMENT_TEAM = ADEZZWZJT8;
				EMBEDDED_CONTENT_CONTAINS_SWIFT = YES;
				INFOPLIST_FILE = "Bees Knees/Info.plist";
				LD_RUNPATH_SEARCH_PATHS = "$(inherited) @executable_path/Frameworks";
				PRODUCT_BUNDLE_IDENTIFIER = "org.sutterhealth.Bees-Knees";
				PRODUCT_NAME = "$(TARGET_NAME)";
				SWIFT_VERSION = 3.0;
				TARGETED_DEVICE_FAMILY = 1;
			};
			name = Debug;
		};
		9EFDA07A1D8370F400FD6763 /* Release */ = {
			isa = XCBuildConfiguration;
			buildSettings = {
				ALWAYS_EMBED_SWIFT_STANDARD_LIBRARIES = YES;
				ASSETCATALOG_COMPILER_APPICON_NAME = "AppIcon-1";
				ASSETCATALOG_COMPILER_LAUNCHIMAGE_NAME = LaunchImage;
				DEVELOPMENT_TEAM = ADEZZWZJT8;
				EMBEDDED_CONTENT_CONTAINS_SWIFT = YES;
				INFOPLIST_FILE = "Bees Knees/Info.plist";
				LD_RUNPATH_SEARCH_PATHS = "$(inherited) @executable_path/Frameworks";
				PRODUCT_BUNDLE_IDENTIFIER = "org.sutterhealth.Bees-Knees";
				PRODUCT_NAME = "$(TARGET_NAME)";
				SWIFT_VERSION = 3.0;
				TARGETED_DEVICE_FAMILY = 1;
			};
			name = Release;
		};
		9EFDA07C1D8370F400FD6763 /* Debug */ = {
			isa = XCBuildConfiguration;
			buildSettings = {
				BUNDLE_LOADER = "$(TEST_HOST)";
				INFOPLIST_FILE = "Bees KneesTests/Info.plist";
				LD_RUNPATH_SEARCH_PATHS = "$(inherited) @executable_path/Frameworks @loader_path/Frameworks";
				PRODUCT_BUNDLE_IDENTIFIER = "org.sutterhealth.Bees-KneesTests";
				PRODUCT_NAME = "$(TARGET_NAME)";
				SWIFT_VERSION = 3.0;
				TEST_HOST = "$(BUILT_PRODUCTS_DIR)/Bees Knees.app/Bees Knees";
			};
			name = Debug;
		};
		9EFDA07D1D8370F400FD6763 /* Release */ = {
			isa = XCBuildConfiguration;
			buildSettings = {
				BUNDLE_LOADER = "$(TEST_HOST)";
				INFOPLIST_FILE = "Bees KneesTests/Info.plist";
				LD_RUNPATH_SEARCH_PATHS = "$(inherited) @executable_path/Frameworks @loader_path/Frameworks";
				PRODUCT_BUNDLE_IDENTIFIER = "org.sutterhealth.Bees-KneesTests";
				PRODUCT_NAME = "$(TARGET_NAME)";
				SWIFT_VERSION = 3.0;
				TEST_HOST = "$(BUILT_PRODUCTS_DIR)/Bees Knees.app/Bees Knees";
			};
			name = Release;
		};
		9EFDA07F1D8370F400FD6763 /* Debug */ = {
			isa = XCBuildConfiguration;
			buildSettings = {
				INFOPLIST_FILE = "Bees KneesUITests/Info.plist";
				LD_RUNPATH_SEARCH_PATHS = "$(inherited) @executable_path/Frameworks @loader_path/Frameworks";
				PRODUCT_BUNDLE_IDENTIFIER = "org.sutterhealth.Bees-KneesUITests";
				PRODUCT_NAME = "$(TARGET_NAME)";
				SWIFT_VERSION = 3.0;
				TEST_TARGET_NAME = "Bees Knees";
			};
			name = Debug;
		};
		9EFDA0801D8370F400FD6763 /* Release */ = {
			isa = XCBuildConfiguration;
			buildSettings = {
				INFOPLIST_FILE = "Bees KneesUITests/Info.plist";
				LD_RUNPATH_SEARCH_PATHS = "$(inherited) @executable_path/Frameworks @loader_path/Frameworks";
				PRODUCT_BUNDLE_IDENTIFIER = "org.sutterhealth.Bees-KneesUITests";
				PRODUCT_NAME = "$(TARGET_NAME)";
				SWIFT_VERSION = 3.0;
				TEST_TARGET_NAME = "Bees Knees";
			};
			name = Release;
		};
/* End XCBuildConfiguration section */

/* Begin XCConfigurationList section */
		9EFDA04B1D8370F400FD6763 /* Build configuration list for PBXProject "Bees Knees" */ = {
			isa = XCConfigurationList;
			buildConfigurations = (
				9EFDA0761D8370F400FD6763 /* Debug */,
				9EFDA0771D8370F400FD6763 /* Release */,
			);
			defaultConfigurationIsVisible = 0;
			defaultConfigurationName = Release;
		};
		9EFDA0781D8370F400FD6763 /* Build configuration list for PBXNativeTarget "Bees Knees" */ = {
			isa = XCConfigurationList;
			buildConfigurations = (
				9EFDA0791D8370F400FD6763 /* Debug */,
				9EFDA07A1D8370F400FD6763 /* Release */,
			);
			defaultConfigurationIsVisible = 0;
			defaultConfigurationName = Release;
		};
		9EFDA07B1D8370F400FD6763 /* Build configuration list for PBXNativeTarget "Bees KneesTests" */ = {
			isa = XCConfigurationList;
			buildConfigurations = (
				9EFDA07C1D8370F400FD6763 /* Debug */,
				9EFDA07D1D8370F400FD6763 /* Release */,
			);
			defaultConfigurationIsVisible = 0;
			defaultConfigurationName = Release;
		};
		9EFDA07E1D8370F400FD6763 /* Build configuration list for PBXNativeTarget "Bees KneesUITests" */ = {
			isa = XCConfigurationList;
			buildConfigurations = (
				9EFDA07F1D8370F400FD6763 /* Debug */,
				9EFDA0801D8370F400FD6763 /* Release */,
			);
			defaultConfigurationIsVisible = 0;
			defaultConfigurationName = Release;
		};
/* End XCConfigurationList section */
	};
	rootObject = 9EFDA0481D8370F400FD6763 /* Project object */;
}
