// !$*UTF8*$!
{
	archiveVersion = 1;
	classes = {
	};
	objectVersion = 46;
	objects = {

/* Begin PBXBuildFile section */
		9EE8EF341D6626E700BBB1F9 /* AppDelegate.swift in Sources */ = {isa = PBXBuildFile; fileRef = 9EE8EF331D6626E700BBB1F9 /* AppDelegate.swift */; };
		9EE8EF3B1D6626E700BBB1F9 /* Main.storyboard in Resources */ = {isa = PBXBuildFile; fileRef = 9EE8EF391D6626E700BBB1F9 /* Main.storyboard */; };
		9EE8EF3D1D6626E700BBB1F9 /* Assets.xcassets in Resources */ = {isa = PBXBuildFile; fileRef = 9EE8EF3C1D6626E700BBB1F9 /* Assets.xcassets */; };
		9EE8EF401D6626E700BBB1F9 /* LaunchScreen.storyboard in Resources */ = {isa = PBXBuildFile; fileRef = 9EE8EF3E1D6626E700BBB1F9 /* LaunchScreen.storyboard */; };
		9EE8EF4B1D6626E700BBB1F9 /* BeesKneesTests.swift in Sources */ = {isa = PBXBuildFile; fileRef = 9EE8EF4A1D6626E700BBB1F9 /* BeesKneesTests.swift */; };
		9EE8EF561D6626E700BBB1F9 /* BeesKneesUITests.swift in Sources */ = {isa = PBXBuildFile; fileRef = 9EE8EF551D6626E700BBB1F9 /* BeesKneesUITests.swift */; };
		9EE8F0281D66834700BBB1F9 /* ResearchKit.framework in Frameworks */ = {isa = PBXBuildFile; fileRef = 9EE8F01B1D66833000BBB1F9 /* ResearchKit.framework */; };
		9EE8F0291D66834700BBB1F9 /* ResearchKit.framework in Embed Frameworks */ = {isa = PBXBuildFile; fileRef = 9EE8F01B1D66833000BBB1F9 /* ResearchKit.framework */; settings = {ATTRIBUTES = (CodeSignOnCopy, RemoveHeadersOnCopy, ); }; };
		9EE8F02C1D66834B00BBB1F9 /* CareKit.framework in Frameworks */ = {isa = PBXBuildFile; fileRef = 9EE8F0251D66833A00BBB1F9 /* CareKit.framework */; };
		9EE8F02D1D66834B00BBB1F9 /* CareKit.framework in Embed Frameworks */ = {isa = PBXBuildFile; fileRef = 9EE8F0251D66833A00BBB1F9 /* CareKit.framework */; settings = {ATTRIBUTES = (CodeSignOnCopy, RemoveHeadersOnCopy, ); }; };
		9EE8F0311D66836D00BBB1F9 /* RootViewController.swift in Sources */ = {isa = PBXBuildFile; fileRef = 9EE8F0301D66836D00BBB1F9 /* RootViewController.swift */; };
		D22B18361D67B2B30042F842 /* Activity.swift in Sources */ = {isa = PBXBuildFile; fileRef = D22B18351D67B2B30042F842 /* Activity.swift */; };
		D22B18381D67B5190042F842 /* Walk.swift in Sources */ = {isa = PBXBuildFile; fileRef = D22B18371D67B5190042F842 /* Walk.swift */; };
/* End PBXBuildFile section */

/* Begin PBXContainerItemProxy section */
		9EE8EF471D6626E700BBB1F9 /* PBXContainerItemProxy */ = {
			isa = PBXContainerItemProxy;
			containerPortal = 9EE8EF281D6626E700BBB1F9 /* Project object */;
			proxyType = 1;
			remoteGlobalIDString = 9EE8EF2F1D6626E700BBB1F9;
			remoteInfo = BeesKnees;
		};
		9EE8EF521D6626E700BBB1F9 /* PBXContainerItemProxy */ = {
			isa = PBXContainerItemProxy;
			containerPortal = 9EE8EF281D6626E700BBB1F9 /* Project object */;
			proxyType = 1;
			remoteGlobalIDString = 9EE8EF2F1D6626E700BBB1F9;
			remoteInfo = BeesKnees;
		};
		9EE8F01A1D66833000BBB1F9 /* PBXContainerItemProxy */ = {
			isa = PBXContainerItemProxy;
			containerPortal = 9EE8F0141D66833000BBB1F9 /* ResearchKit.xcodeproj */;
			proxyType = 2;
			remoteGlobalIDString = B183A5951A8535D100C76870;
			remoteInfo = ResearchKit;
		};
		9EE8F01C1D66833000BBB1F9 /* PBXContainerItemProxy */ = {
			isa = PBXContainerItemProxy;
			containerPortal = 9EE8F0141D66833000BBB1F9 /* ResearchKit.xcodeproj */;
			proxyType = 2;
			remoteGlobalIDString = 86CC8E9A1AC09332001CCD89;
			remoteInfo = ResearchKitTests;
		};
		9EE8F0241D66833A00BBB1F9 /* PBXContainerItemProxy */ = {
			isa = PBXContainerItemProxy;
			containerPortal = 9EE8F01E1D66833900BBB1F9 /* CareKit.xcodeproj */;
			proxyType = 2;
			remoteGlobalIDString = 8605A5BA1C4F04EC00DD65FF;
			remoteInfo = CareKit;
		};
		9EE8F0261D66833A00BBB1F9 /* PBXContainerItemProxy */ = {
			isa = PBXContainerItemProxy;
			containerPortal = 9EE8F01E1D66833900BBB1F9 /* CareKit.xcodeproj */;
			proxyType = 2;
			remoteGlobalIDString = 8605A5C41C4F04EC00DD65FF;
			remoteInfo = CareKitTests;
		};
		9EE8F02A1D66834700BBB1F9 /* PBXContainerItemProxy */ = {
			isa = PBXContainerItemProxy;
			containerPortal = 9EE8F0141D66833000BBB1F9 /* ResearchKit.xcodeproj */;
			proxyType = 1;
			remoteGlobalIDString = B183A4731A8535D100C76870;
			remoteInfo = ResearchKit;
		};
		9EE8F02E1D66834B00BBB1F9 /* PBXContainerItemProxy */ = {
			isa = PBXContainerItemProxy;
			containerPortal = 9EE8F01E1D66833900BBB1F9 /* CareKit.xcodeproj */;
			proxyType = 1;
			remoteGlobalIDString = 8605A5B91C4F04EC00DD65FF;
			remoteInfo = CareKit;
		};
/* End PBXContainerItemProxy section */

/* Begin PBXCopyFilesBuildPhase section */
		9EE8EF991D663D4A00BBB1F9 /* Embed Frameworks */ = {
			isa = PBXCopyFilesBuildPhase;
			buildActionMask = 2147483647;
			dstPath = "";
			dstSubfolderSpec = 10;
			files = (
				9EE8F02D1D66834B00BBB1F9 /* CareKit.framework in Embed Frameworks */,
				9EE8F0291D66834700BBB1F9 /* ResearchKit.framework in Embed Frameworks */,
			);
			name = "Embed Frameworks";
			runOnlyForDeploymentPostprocessing = 0;
		};
/* End PBXCopyFilesBuildPhase section */

/* Begin PBXFileReference section */
		9EE8EF301D6626E700BBB1F9 /* BeesKnees.app */ = {isa = PBXFileReference; explicitFileType = wrapper.application; includeInIndex = 0; path = BeesKnees.app; sourceTree = BUILT_PRODUCTS_DIR; };
		9EE8EF331D6626E700BBB1F9 /* AppDelegate.swift */ = {isa = PBXFileReference; lastKnownFileType = sourcecode.swift; path = AppDelegate.swift; sourceTree = "<group>"; };
		9EE8EF3A1D6626E700BBB1F9 /* Base */ = {isa = PBXFileReference; lastKnownFileType = file.storyboard; name = Base; path = Base.lproj/Main.storyboard; sourceTree = "<group>"; };
		9EE8EF3C1D6626E700BBB1F9 /* Assets.xcassets */ = {isa = PBXFileReference; lastKnownFileType = folder.assetcatalog; path = Assets.xcassets; sourceTree = "<group>"; };
		9EE8EF3F1D6626E700BBB1F9 /* Base */ = {isa = PBXFileReference; lastKnownFileType = file.storyboard; name = Base; path = Base.lproj/LaunchScreen.storyboard; sourceTree = "<group>"; };
		9EE8EF411D6626E700BBB1F9 /* Info.plist */ = {isa = PBXFileReference; lastKnownFileType = text.plist.xml; path = Info.plist; sourceTree = "<group>"; };
		9EE8EF461D6626E700BBB1F9 /* BeesKneesTests.xctest */ = {isa = PBXFileReference; explicitFileType = wrapper.cfbundle; includeInIndex = 0; path = BeesKneesTests.xctest; sourceTree = BUILT_PRODUCTS_DIR; };
		9EE8EF4A1D6626E700BBB1F9 /* BeesKneesTests.swift */ = {isa = PBXFileReference; lastKnownFileType = sourcecode.swift; path = BeesKneesTests.swift; sourceTree = "<group>"; };
		9EE8EF4C1D6626E700BBB1F9 /* Info.plist */ = {isa = PBXFileReference; lastKnownFileType = text.plist.xml; path = Info.plist; sourceTree = "<group>"; };
		9EE8EF511D6626E700BBB1F9 /* BeesKneesUITests.xctest */ = {isa = PBXFileReference; explicitFileType = wrapper.cfbundle; includeInIndex = 0; path = BeesKneesUITests.xctest; sourceTree = BUILT_PRODUCTS_DIR; };
		9EE8EF551D6626E700BBB1F9 /* BeesKneesUITests.swift */ = {isa = PBXFileReference; lastKnownFileType = sourcecode.swift; path = BeesKneesUITests.swift; sourceTree = "<group>"; };
		9EE8EF571D6626E700BBB1F9 /* Info.plist */ = {isa = PBXFileReference; lastKnownFileType = text.plist.xml; path = Info.plist; sourceTree = "<group>"; };
		9EE8F0141D66833000BBB1F9 /* ResearchKit.xcodeproj */ = {isa = PBXFileReference; lastKnownFileType = "wrapper.pb-project"; name = ResearchKit.xcodeproj; path = ../ResearchKit/ResearchKit.xcodeproj; sourceTree = "<group>"; };
		9EE8F01E1D66833900BBB1F9 /* CareKit.xcodeproj */ = {isa = PBXFileReference; lastKnownFileType = "wrapper.pb-project"; name = CareKit.xcodeproj; path = ../carekit/CareKit.xcodeproj; sourceTree = "<group>"; };
		9EE8F0301D66836D00BBB1F9 /* RootViewController.swift */ = {isa = PBXFileReference; fileEncoding = 4; lastKnownFileType = sourcecode.swift; path = RootViewController.swift; sourceTree = "<group>"; };
		D22B18351D67B2B30042F842 /* Activity.swift */ = {isa = PBXFileReference; fileEncoding = 4; lastKnownFileType = sourcecode.swift; path = Activity.swift; sourceTree = "<group>"; };
		D22B18371D67B5190042F842 /* Walk.swift */ = {isa = PBXFileReference; fileEncoding = 4; lastKnownFileType = sourcecode.swift; path = Walk.swift; sourceTree = "<group>"; };
/* End PBXFileReference section */

/* Begin PBXFrameworksBuildPhase section */
		9EE8EF2D1D6626E700BBB1F9 /* Frameworks */ = {
			isa = PBXFrameworksBuildPhase;
			buildActionMask = 2147483647;
			files = (
				9EE8F02C1D66834B00BBB1F9 /* CareKit.framework in Frameworks */,
				9EE8F0281D66834700BBB1F9 /* ResearchKit.framework in Frameworks */,
			);
			runOnlyForDeploymentPostprocessing = 0;
		};
		9EE8EF431D6626E700BBB1F9 /* Frameworks */ = {
			isa = PBXFrameworksBuildPhase;
			buildActionMask = 2147483647;
			files = (
			);
			runOnlyForDeploymentPostprocessing = 0;
		};
		9EE8EF4E1D6626E700BBB1F9 /* Frameworks */ = {
			isa = PBXFrameworksBuildPhase;
			buildActionMask = 2147483647;
			files = (
			);
			runOnlyForDeploymentPostprocessing = 0;
		};
/* End PBXFrameworksBuildPhase section */

/* Begin PBXGroup section */
		9EE8EF271D6626E700BBB1F9 = {
			isa = PBXGroup;
			children = (
				9EE8EF321D6626E700BBB1F9 /* BeesKnees */,
				9EE8EF491D6626E700BBB1F9 /* BeesKneesTests */,
				9EE8EF541D6626E700BBB1F9 /* BeesKneesUITests */,
				9EE8F0131D6682F600BBB1F9 /* Linked frameworks */,
				9EE8EF311D6626E700BBB1F9 /* Products */,
			);
			sourceTree = "<group>";
		};
		9EE8EF311D6626E700BBB1F9 /* Products */ = {
			isa = PBXGroup;
			children = (
				9EE8EF301D6626E700BBB1F9 /* BeesKnees.app */,
				9EE8EF461D6626E700BBB1F9 /* BeesKneesTests.xctest */,
				9EE8EF511D6626E700BBB1F9 /* BeesKneesUITests.xctest */,
			);
			name = Products;
			sourceTree = "<group>";
		};
		9EE8EF321D6626E700BBB1F9 /* BeesKnees */ = {
			isa = PBXGroup;
			children = (
				D22B18321D67B2A20042F842 /* Activities */,
				9EE8EF331D6626E700BBB1F9 /* AppDelegate.swift */,
				9EE8F0301D66836D00BBB1F9 /* RootViewController.swift */,
				9EE8EF391D6626E700BBB1F9 /* Main.storyboard */,
				9EE8EF3C1D6626E700BBB1F9 /* Assets.xcassets */,
				9EE8EF3E1D6626E700BBB1F9 /* LaunchScreen.storyboard */,
				9EE8EF411D6626E700BBB1F9 /* Info.plist */,
			);
			path = BeesKnees;
			sourceTree = "<group>";
		};
		9EE8EF491D6626E700BBB1F9 /* BeesKneesTests */ = {
			isa = PBXGroup;
			children = (
				9EE8EF4A1D6626E700BBB1F9 /* BeesKneesTests.swift */,
				9EE8EF4C1D6626E700BBB1F9 /* Info.plist */,
			);
			path = BeesKneesTests;
			sourceTree = "<group>";
		};
		9EE8EF541D6626E700BBB1F9 /* BeesKneesUITests */ = {
			isa = PBXGroup;
			children = (
				9EE8EF551D6626E700BBB1F9 /* BeesKneesUITests.swift */,
				9EE8EF571D6626E700BBB1F9 /* Info.plist */,
			);
			path = BeesKneesUITests;
			sourceTree = "<group>";
		};
		9EE8F0131D6682F600BBB1F9 /* Linked frameworks */ = {
			isa = PBXGroup;
			children = (
				9EE8F01E1D66833900BBB1F9 /* CareKit.xcodeproj */,
				9EE8F0141D66833000BBB1F9 /* ResearchKit.xcodeproj */,
			);
			name = "Linked frameworks";
			sourceTree = "<group>";
		};
		9EE8F0151D66833000BBB1F9 /* Products */ = {
			isa = PBXGroup;
			children = (
				9EE8F01B1D66833000BBB1F9 /* ResearchKit.framework */,
				9EE8F01D1D66833000BBB1F9 /* ResearchKitTests.xctest */,
			);
			name = Products;
			sourceTree = "<group>";
		};
		9EE8F01F1D66833900BBB1F9 /* Products */ = {
			isa = PBXGroup;
			children = (
				9EE8F0251D66833A00BBB1F9 /* CareKit.framework */,
				9EE8F0271D66833A00BBB1F9 /* CareKitTests.xctest */,
			);
			name = Products;
			sourceTree = "<group>";
		};
		D22B18321D67B2A20042F842 /* Activities */ = {
			isa = PBXGroup;
			children = (
				D22B18351D67B2B30042F842 /* Activity.swift */,
				D22B18371D67B5190042F842 /* Walk.swift */,
			);
			name = Activities;
			sourceTree = "<group>";
		};
/* End PBXGroup section */

/* Begin PBXNativeTarget section */
		9EE8EF2F1D6626E700BBB1F9 /* BeesKnees */ = {
			isa = PBXNativeTarget;
			buildConfigurationList = 9EE8EF5A1D6626E700BBB1F9 /* Build configuration list for PBXNativeTarget "BeesKnees" */;
			buildPhases = (
				9EE8EF2C1D6626E700BBB1F9 /* Sources */,
				9EE8EF2D1D6626E700BBB1F9 /* Frameworks */,
				9EE8EF2E1D6626E700BBB1F9 /* Resources */,
				9EE8EF991D663D4A00BBB1F9 /* Embed Frameworks */,
			);
			buildRules = (
			);
			dependencies = (
				9EE8F02B1D66834700BBB1F9 /* PBXTargetDependency */,
				9EE8F02F1D66834B00BBB1F9 /* PBXTargetDependency */,
			);
			name = BeesKnees;
			productName = BeesKnees;
			productReference = 9EE8EF301D6626E700BBB1F9 /* BeesKnees.app */;
			productType = "com.apple.product-type.application";
		};
		9EE8EF451D6626E700BBB1F9 /* BeesKneesTests */ = {
			isa = PBXNativeTarget;
			buildConfigurationList = 9EE8EF5D1D6626E700BBB1F9 /* Build configuration list for PBXNativeTarget "BeesKneesTests" */;
			buildPhases = (
				9EE8EF421D6626E700BBB1F9 /* Sources */,
				9EE8EF431D6626E700BBB1F9 /* Frameworks */,
				9EE8EF441D6626E700BBB1F9 /* Resources */,
			);
			buildRules = (
			);
			dependencies = (
				9EE8EF481D6626E700BBB1F9 /* PBXTargetDependency */,
			);
			name = BeesKneesTests;
			productName = BeesKneesTests;
			productReference = 9EE8EF461D6626E700BBB1F9 /* BeesKneesTests.xctest */;
			productType = "com.apple.product-type.bundle.unit-test";
		};
		9EE8EF501D6626E700BBB1F9 /* BeesKneesUITests */ = {
			isa = PBXNativeTarget;
			buildConfigurationList = 9EE8EF601D6626E700BBB1F9 /* Build configuration list for PBXNativeTarget "BeesKneesUITests" */;
			buildPhases = (
				9EE8EF4D1D6626E700BBB1F9 /* Sources */,
				9EE8EF4E1D6626E700BBB1F9 /* Frameworks */,
				9EE8EF4F1D6626E700BBB1F9 /* Resources */,
			);
			buildRules = (
			);
			dependencies = (
				9EE8EF531D6626E700BBB1F9 /* PBXTargetDependency */,
			);
			name = BeesKneesUITests;
			productName = BeesKneesUITests;
			productReference = 9EE8EF511D6626E700BBB1F9 /* BeesKneesUITests.xctest */;
			productType = "com.apple.product-type.bundle.ui-testing";
		};
/* End PBXNativeTarget section */

/* Begin PBXProject section */
		9EE8EF281D6626E700BBB1F9 /* Project object */ = {
			isa = PBXProject;
			attributes = {
				LastSwiftUpdateCheck = 0730;
				LastUpgradeCheck = 0730;
				ORGANIZATIONNAME = "Sutter Health";
				TargetAttributes = {
					9EE8EF2F1D6626E700BBB1F9 = {
						CreatedOnToolsVersion = 7.3.1;
						DevelopmentTeam = ADEZZWZJT8;
					};
					9EE8EF451D6626E700BBB1F9 = {
						CreatedOnToolsVersion = 7.3.1;
						TestTargetID = 9EE8EF2F1D6626E700BBB1F9;
					};
					9EE8EF501D6626E700BBB1F9 = {
						CreatedOnToolsVersion = 7.3.1;
						TestTargetID = 9EE8EF2F1D6626E700BBB1F9;
					};
				};
			};
			buildConfigurationList = 9EE8EF2B1D6626E700BBB1F9 /* Build configuration list for PBXProject "BeesKnees" */;
			compatibilityVersion = "Xcode 3.2";
			developmentRegion = English;
			hasScannedForEncodings = 0;
			knownRegions = (
				en,
				Base,
			);
			mainGroup = 9EE8EF271D6626E700BBB1F9;
			productRefGroup = 9EE8EF311D6626E700BBB1F9 /* Products */;
			projectDirPath = "";
			projectReferences = (
				{
					ProductGroup = 9EE8F01F1D66833900BBB1F9 /* Products */;
					ProjectRef = 9EE8F01E1D66833900BBB1F9 /* CareKit.xcodeproj */;
				},
				{
					ProductGroup = 9EE8F0151D66833000BBB1F9 /* Products */;
					ProjectRef = 9EE8F0141D66833000BBB1F9 /* ResearchKit.xcodeproj */;
				},
			);
			projectRoot = "";
			targets = (
				9EE8EF2F1D6626E700BBB1F9 /* BeesKnees */,
				9EE8EF451D6626E700BBB1F9 /* BeesKneesTests */,
				9EE8EF501D6626E700BBB1F9 /* BeesKneesUITests */,
			);
		};
/* End PBXProject section */

/* Begin PBXReferenceProxy section */
		9EE8F01B1D66833000BBB1F9 /* ResearchKit.framework */ = {
			isa = PBXReferenceProxy;
			fileType = wrapper.framework;
			path = ResearchKit.framework;
			remoteRef = 9EE8F01A1D66833000BBB1F9 /* PBXContainerItemProxy */;
			sourceTree = BUILT_PRODUCTS_DIR;
		};
		9EE8F01D1D66833000BBB1F9 /* ResearchKitTests.xctest */ = {
			isa = PBXReferenceProxy;
			fileType = wrapper.cfbundle;
			path = ResearchKitTests.xctest;
			remoteRef = 9EE8F01C1D66833000BBB1F9 /* PBXContainerItemProxy */;
			sourceTree = BUILT_PRODUCTS_DIR;
		};
		9EE8F0251D66833A00BBB1F9 /* CareKit.framework */ = {
			isa = PBXReferenceProxy;
			fileType = wrapper.framework;
			path = CareKit.framework;
			remoteRef = 9EE8F0241D66833A00BBB1F9 /* PBXContainerItemProxy */;
			sourceTree = BUILT_PRODUCTS_DIR;
		};
		9EE8F0271D66833A00BBB1F9 /* CareKitTests.xctest */ = {
			isa = PBXReferenceProxy;
			fileType = wrapper.cfbundle;
			path = CareKitTests.xctest;
			remoteRef = 9EE8F0261D66833A00BBB1F9 /* PBXContainerItemProxy */;
			sourceTree = BUILT_PRODUCTS_DIR;
		};
/* End PBXReferenceProxy section */

/* Begin PBXResourcesBuildPhase section */
		9EE8EF2E1D6626E700BBB1F9 /* Resources */ = {
			isa = PBXResourcesBuildPhase;
			buildActionMask = 2147483647;
			files = (
				9EE8EF401D6626E700BBB1F9 /* LaunchScreen.storyboard in Resources */,
				9EE8EF3D1D6626E700BBB1F9 /* Assets.xcassets in Resources */,
				9EE8EF3B1D6626E700BBB1F9 /* Main.storyboard in Resources */,
			);
			runOnlyForDeploymentPostprocessing = 0;
		};
		9EE8EF441D6626E700BBB1F9 /* Resources */ = {
			isa = PBXResourcesBuildPhase;
			buildActionMask = 2147483647;
			files = (
			);
			runOnlyForDeploymentPostprocessing = 0;
		};
		9EE8EF4F1D6626E700BBB1F9 /* Resources */ = {
			isa = PBXResourcesBuildPhase;
			buildActionMask = 2147483647;
			files = (
			);
			runOnlyForDeploymentPostprocessing = 0;
		};
/* End PBXResourcesBuildPhase section */

/* Begin PBXSourcesBuildPhase section */
		9EE8EF2C1D6626E700BBB1F9 /* Sources */ = {
			isa = PBXSourcesBuildPhase;
			buildActionMask = 2147483647;
			files = (
				D22B18381D67B5190042F842 /* Walk.swift in Sources */,
				D22B18361D67B2B30042F842 /* Activity.swift in Sources */,
				9EE8F0311D66836D00BBB1F9 /* RootViewController.swift in Sources */,
				9EE8EF341D6626E700BBB1F9 /* AppDelegate.swift in Sources */,
			);
			runOnlyForDeploymentPostprocessing = 0;
		};
		9EE8EF421D6626E700BBB1F9 /* Sources */ = {
			isa = PBXSourcesBuildPhase;
			buildActionMask = 2147483647;
			files = (
				9EE8EF4B1D6626E700BBB1F9 /* BeesKneesTests.swift in Sources */,
			);
			runOnlyForDeploymentPostprocessing = 0;
		};
		9EE8EF4D1D6626E700BBB1F9 /* Sources */ = {
			isa = PBXSourcesBuildPhase;
			buildActionMask = 2147483647;
			files = (
				9EE8EF561D6626E700BBB1F9 /* BeesKneesUITests.swift in Sources */,
			);
			runOnlyForDeploymentPostprocessing = 0;
		};
/* End PBXSourcesBuildPhase section */

/* Begin PBXTargetDependency section */
		9EE8EF481D6626E700BBB1F9 /* PBXTargetDependency */ = {
			isa = PBXTargetDependency;
			target = 9EE8EF2F1D6626E700BBB1F9 /* BeesKnees */;
			targetProxy = 9EE8EF471D6626E700BBB1F9 /* PBXContainerItemProxy */;
		};
		9EE8EF531D6626E700BBB1F9 /* PBXTargetDependency */ = {
			isa = PBXTargetDependency;
			target = 9EE8EF2F1D6626E700BBB1F9 /* BeesKnees */;
			targetProxy = 9EE8EF521D6626E700BBB1F9 /* PBXContainerItemProxy */;
		};
		9EE8F02B1D66834700BBB1F9 /* PBXTargetDependency */ = {
			isa = PBXTargetDependency;
			name = ResearchKit;
			targetProxy = 9EE8F02A1D66834700BBB1F9 /* PBXContainerItemProxy */;
		};
		9EE8F02F1D66834B00BBB1F9 /* PBXTargetDependency */ = {
			isa = PBXTargetDependency;
			name = CareKit;
			targetProxy = 9EE8F02E1D66834B00BBB1F9 /* PBXContainerItemProxy */;
		};
/* End PBXTargetDependency section */

/* Begin PBXVariantGroup section */
		9EE8EF391D6626E700BBB1F9 /* Main.storyboard */ = {
			isa = PBXVariantGroup;
			children = (
				9EE8EF3A1D6626E700BBB1F9 /* Base */,
			);
			name = Main.storyboard;
			sourceTree = "<group>";
		};
		9EE8EF3E1D6626E700BBB1F9 /* LaunchScreen.storyboard */ = {
			isa = PBXVariantGroup;
			children = (
				9EE8EF3F1D6626E700BBB1F9 /* Base */,
			);
			name = LaunchScreen.storyboard;
			sourceTree = "<group>";
		};
/* End PBXVariantGroup section */

/* Begin XCBuildConfiguration section */
		9EE8EF581D6626E700BBB1F9 /* Debug */ = {
			isa = XCBuildConfiguration;
			buildSettings = {
				ALWAYS_SEARCH_USER_PATHS = NO;
				CLANG_ANALYZER_NONNULL = YES;
				CLANG_CXX_LANGUAGE_STANDARD = "gnu++0x";
				CLANG_CXX_LIBRARY = "libc++";
				CLANG_ENABLE_MODULES = YES;
				CLANG_ENABLE_OBJC_ARC = YES;
				CLANG_WARN_BOOL_CONVERSION = YES;
				CLANG_WARN_CONSTANT_CONVERSION = YES;
				CLANG_WARN_DIRECT_OBJC_ISA_USAGE = YES_ERROR;
				CLANG_WARN_EMPTY_BODY = YES;
				CLANG_WARN_ENUM_CONVERSION = YES;
				CLANG_WARN_INT_CONVERSION = YES;
				CLANG_WARN_OBJC_ROOT_CLASS = YES_ERROR;
				CLANG_WARN_UNREACHABLE_CODE = YES;
				CLANG_WARN__DUPLICATE_METHOD_MATCH = YES;
				"CODE_SIGN_IDENTITY[sdk=iphoneos*]" = "iPhone Developer";
				COPY_PHASE_STRIP = NO;
				DEBUG_INFORMATION_FORMAT = dwarf;
				ENABLE_STRICT_OBJC_MSGSEND = YES;
				ENABLE_TESTABILITY = YES;
				GCC_C_LANGUAGE_STANDARD = gnu99;
				GCC_DYNAMIC_NO_PIC = NO;
				GCC_NO_COMMON_BLOCKS = YES;
				GCC_OPTIMIZATION_LEVEL = 0;
				GCC_PREPROCESSOR_DEFINITIONS = (
					"DEBUG=1",
					"$(inherited)",
				);
				GCC_WARN_64_TO_32_BIT_CONVERSION = YES;
				GCC_WARN_ABOUT_RETURN_TYPE = YES_ERROR;
				GCC_WARN_UNDECLARED_SELECTOR = YES;
				GCC_WARN_UNINITIALIZED_AUTOS = YES_AGGRESSIVE;
				GCC_WARN_UNUSED_FUNCTION = YES;
				GCC_WARN_UNUSED_VARIABLE = YES;
				IPHONEOS_DEPLOYMENT_TARGET = 9.3;
				MTL_ENABLE_DEBUG_INFO = YES;
				ONLY_ACTIVE_ARCH = YES;
				SDKROOT = iphoneos;
				SWIFT_OPTIMIZATION_LEVEL = "-Onone";
				TARGETED_DEVICE_FAMILY = "1,2";
			};
			name = Debug;
		};
		9EE8EF591D6626E700BBB1F9 /* Release */ = {
			isa = XCBuildConfiguration;
			buildSettings = {
				ALWAYS_SEARCH_USER_PATHS = NO;
				CLANG_ANALYZER_NONNULL = YES;
				CLANG_CXX_LANGUAGE_STANDARD = "gnu++0x";
				CLANG_CXX_LIBRARY = "libc++";
				CLANG_ENABLE_MODULES = YES;
				CLANG_ENABLE_OBJC_ARC = YES;
				CLANG_WARN_BOOL_CONVERSION = YES;
				CLANG_WARN_CONSTANT_CONVERSION = YES;
				CLANG_WARN_DIRECT_OBJC_ISA_USAGE = YES_ERROR;
				CLANG_WARN_EMPTY_BODY = YES;
				CLANG_WARN_ENUM_CONVERSION = YES;
				CLANG_WARN_INT_CONVERSION = YES;
				CLANG_WARN_OBJC_ROOT_CLASS = YES_ERROR;
				CLANG_WARN_UNREACHABLE_CODE = YES;
				CLANG_WARN__DUPLICATE_METHOD_MATCH = YES;
				"CODE_SIGN_IDENTITY[sdk=iphoneos*]" = "iPhone Developer";
				COPY_PHASE_STRIP = NO;
				DEBUG_INFORMATION_FORMAT = "dwarf-with-dsym";
				ENABLE_NS_ASSERTIONS = NO;
				ENABLE_STRICT_OBJC_MSGSEND = YES;
				GCC_C_LANGUAGE_STANDARD = gnu99;
				GCC_NO_COMMON_BLOCKS = YES;
				GCC_WARN_64_TO_32_BIT_CONVERSION = YES;
				GCC_WARN_ABOUT_RETURN_TYPE = YES_ERROR;
				GCC_WARN_UNDECLARED_SELECTOR = YES;
				GCC_WARN_UNINITIALIZED_AUTOS = YES_AGGRESSIVE;
				GCC_WARN_UNUSED_FUNCTION = YES;
				GCC_WARN_UNUSED_VARIABLE = YES;
				IPHONEOS_DEPLOYMENT_TARGET = 9.3;
				MTL_ENABLE_DEBUG_INFO = NO;
				SDKROOT = iphoneos;
				TARGETED_DEVICE_FAMILY = "1,2";
				VALIDATE_PRODUCT = YES;
			};
			name = Release;
		};
		9EE8EF5B1D6626E700BBB1F9 /* Debug */ = {
			isa = XCBuildConfiguration;
			buildSettings = {
				ASSETCATALOG_COMPILER_APPICON_NAME = AppIcon;
				CODE_SIGN_IDENTITY = "iPhone Developer";
				"CODE_SIGN_IDENTITY[sdk=iphoneos*]" = "iPhone Developer";
				EMBEDDED_CONTENT_CONTAINS_SWIFT = YES;
				INFOPLIST_FILE = BeesKnees/Info.plist;
				LD_RUNPATH_SEARCH_PATHS = "$(inherited) @executable_path/Frameworks";
				PRODUCT_BUNDLE_IDENTIFIER = org.sutterinnovation.BeesKnees;
				PRODUCT_NAME = "$(TARGET_NAME)";
				PROVISIONING_PROFILE = "";
			};
			name = Debug;
		};
		9EE8EF5C1D6626E700BBB1F9 /* Release */ = {
			isa = XCBuildConfiguration;
			buildSettings = {
				ASSETCATALOG_COMPILER_APPICON_NAME = AppIcon;
				CODE_SIGN_IDENTITY = "iPhone Developer";
				"CODE_SIGN_IDENTITY[sdk=iphoneos*]" = "iPhone Developer";
				EMBEDDED_CONTENT_CONTAINS_SWIFT = YES;
				INFOPLIST_FILE = BeesKnees/Info.plist;
				LD_RUNPATH_SEARCH_PATHS = "$(inherited) @executable_path/Frameworks";
				PRODUCT_BUNDLE_IDENTIFIER = org.sutterinnovation.BeesKnees;
				PRODUCT_NAME = "$(TARGET_NAME)";
				PROVISIONING_PROFILE = "";
			};
			name = Release;
		};
		9EE8EF5E1D6626E700BBB1F9 /* Debug */ = {
			isa = XCBuildConfiguration;
			buildSettings = {
				BUNDLE_LOADER = "$(TEST_HOST)";
				INFOPLIST_FILE = BeesKneesTests/Info.plist;
				LD_RUNPATH_SEARCH_PATHS = "$(inherited) @executable_path/Frameworks @loader_path/Frameworks";
				PRODUCT_BUNDLE_IDENTIFIER = org.sutterinnovation.BeesKneesTests;
				PRODUCT_NAME = "$(TARGET_NAME)";
				TEST_HOST = "$(BUILT_PRODUCTS_DIR)/BeesKnees.app/BeesKnees";
			};
			name = Debug;
		};
		9EE8EF5F1D6626E700BBB1F9 /* Release */ = {
			isa = XCBuildConfiguration;
			buildSettings = {
				BUNDLE_LOADER = "$(TEST_HOST)";
				INFOPLIST_FILE = BeesKneesTests/Info.plist;
				LD_RUNPATH_SEARCH_PATHS = "$(inherited) @executable_path/Frameworks @loader_path/Frameworks";
				PRODUCT_BUNDLE_IDENTIFIER = org.sutterinnovation.BeesKneesTests;
				PRODUCT_NAME = "$(TARGET_NAME)";
				TEST_HOST = "$(BUILT_PRODUCTS_DIR)/BeesKnees.app/BeesKnees";
			};
			name = Release;
		};
		9EE8EF611D6626E700BBB1F9 /* Debug */ = {
			isa = XCBuildConfiguration;
			buildSettings = {
				INFOPLIST_FILE = BeesKneesUITests/Info.plist;
				LD_RUNPATH_SEARCH_PATHS = "$(inherited) @executable_path/Frameworks @loader_path/Frameworks";
				PRODUCT_BUNDLE_IDENTIFIER = org.sutterinnovation.BeesKneesUITests;
				PRODUCT_NAME = "$(TARGET_NAME)";
				TEST_TARGET_NAME = BeesKnees;
			};
			name = Debug;
		};
		9EE8EF621D6626E700BBB1F9 /* Release */ = {
			isa = XCBuildConfiguration;
			buildSettings = {
				INFOPLIST_FILE = BeesKneesUITests/Info.plist;
				LD_RUNPATH_SEARCH_PATHS = "$(inherited) @executable_path/Frameworks @loader_path/Frameworks";
				PRODUCT_BUNDLE_IDENTIFIER = org.sutterinnovation.BeesKneesUITests;
				PRODUCT_NAME = "$(TARGET_NAME)";
				TEST_TARGET_NAME = BeesKnees;
			};
			name = Release;
		};
/* End XCBuildConfiguration section */

/* Begin XCConfigurationList section */
		9EE8EF2B1D6626E700BBB1F9 /* Build configuration list for PBXProject "BeesKnees" */ = {
			isa = XCConfigurationList;
			buildConfigurations = (
				9EE8EF581D6626E700BBB1F9 /* Debug */,
				9EE8EF591D6626E700BBB1F9 /* Release */,
			);
			defaultConfigurationIsVisible = 0;
			defaultConfigurationName = Release;
		};
		9EE8EF5A1D6626E700BBB1F9 /* Build configuration list for PBXNativeTarget "BeesKnees" */ = {
			isa = XCConfigurationList;
			buildConfigurations = (
				9EE8EF5B1D6626E700BBB1F9 /* Debug */,
				9EE8EF5C1D6626E700BBB1F9 /* Release */,
			);
			defaultConfigurationIsVisible = 0;
			defaultConfigurationName = Release;
		};
		9EE8EF5D1D6626E700BBB1F9 /* Build configuration list for PBXNativeTarget "BeesKneesTests" */ = {
			isa = XCConfigurationList;
			buildConfigurations = (
				9EE8EF5E1D6626E700BBB1F9 /* Debug */,
				9EE8EF5F1D6626E700BBB1F9 /* Release */,
			);
			defaultConfigurationIsVisible = 0;
			defaultConfigurationName = Release;
		};
		9EE8EF601D6626E700BBB1F9 /* Build configuration list for PBXNativeTarget "BeesKneesUITests" */ = {
			isa = XCConfigurationList;
			buildConfigurations = (
				9EE8EF611D6626E700BBB1F9 /* Debug */,
				9EE8EF621D6626E700BBB1F9 /* Release */,
			);
			defaultConfigurationIsVisible = 0;
			defaultConfigurationName = Release;
		};
/* End XCConfigurationList section */
	};
	rootObject = 9EE8EF281D6626E700BBB1F9 /* Project object */;
}
